
Microsoft Visual Studio Solution File, Format Version 12.00
# Visual Studio Version 16
VisualStudioVersion = 16.0.29409.12
MinimumVisualStudioVersion = 10.0.40219.1
Project("{8BC9CEB8-8B4A-11D0-8D11-00A0C91BC942}") = "Inscription", "..\Inscription\Inscription\Inscription.vcxproj", "{93A2633A-46A4-4A08-AA6A-2C4DD75990B5}"
EndProject
Project("{8BC9CEB8-8B4A-11D0-8D11-00A0C91BC942}") = "Atmos", "Atmos\Atmos.vcxproj", "{0E94289D-72E8-4A52-B32A-7B26C1A9FF0C}"
EndProject
Project("{8BC9CEB8-8B4A-11D0-8D11-00A0C91BC942}") = "Arca", "..\Arca\Arca\Arca.vcxproj", "{56692CFB-B693-404E-9D98-A379D1370664}"
EndProject
Project("{8BC9CEB8-8B4A-11D0-8D11-00A0C91BC942}") = "Chroma", "..\Chroma\Chroma\Chroma.vcxproj", "{11D859BD-185B-40E3-9EBA-0FA17D6FD187}"
EndProject
Project("{8BC9CEB8-8B4A-11D0-8D11-00A0C91BC942}") = "TestFramework", "..\TestFramework\TestFramework\TestFramework.vcxproj", "{2CD5963B-8857-4AF5-ADEF-9374AA1BA6EC}"
EndProject
Project("{8BC9CEB8-8B4A-11D0-8D11-00A0C91BC942}") = "Tests", "Tests\Tests.vcxproj", "{00C98AD1-BDDE-4FDD-8007-6AF0E048C9E2}"
EndProject
Project("{8BC9CEB8-8B4A-11D0-8D11-00A0C91BC942}") = "GenerateDocumentation", "GenerateDocumentation\GenerateDocumentation.vcxproj", "{3271149E-C473-4170-AB23-93C7F9235C51}"
EndProject
Global
	GlobalSection(SolutionConfigurationPlatforms) = preSolution
		Debug|Win32 = Debug|Win32
		Debug|x64 = Debug|x64
		Release|Win32 = Release|Win32
		Release|x64 = Release|x64
	EndGlobalSection
	GlobalSection(ProjectConfigurationPlatforms) = postSolution
		{93A2633A-46A4-4A08-AA6A-2C4DD75990B5}.Debug|Win32.ActiveCfg = Debug|Win32
		{93A2633A-46A4-4A08-AA6A-2C4DD75990B5}.Debug|Win32.Build.0 = Debug|Win32
		{93A2633A-46A4-4A08-AA6A-2C4DD75990B5}.Debug|x64.ActiveCfg = Debug|Win32
		{93A2633A-46A4-4A08-AA6A-2C4DD75990B5}.Release|Win32.ActiveCfg = Release|Win32
		{93A2633A-46A4-4A08-AA6A-2C4DD75990B5}.Release|Win32.Build.0 = Release|Win32
		{93A2633A-46A4-4A08-AA6A-2C4DD75990B5}.Release|x64.ActiveCfg = Release|Win32
		{0E94289D-72E8-4A52-B32A-7B26C1A9FF0C}.Debug|Win32.ActiveCfg = Debug|Win32
		{0E94289D-72E8-4A52-B32A-7B26C1A9FF0C}.Debug|Win32.Build.0 = Debug|Win32
		{0E94289D-72E8-4A52-B32A-7B26C1A9FF0C}.Debug|x64.ActiveCfg = Debug|Win32
		{0E94289D-72E8-4A52-B32A-7B26C1A9FF0C}.Release|Win32.ActiveCfg = Release|Win32
		{0E94289D-72E8-4A52-B32A-7B26C1A9FF0C}.Release|Win32.Build.0 = Release|Win32
		{0E94289D-72E8-4A52-B32A-7B26C1A9FF0C}.Release|x64.ActiveCfg = Release|Win32
		{56692CFB-B693-404E-9D98-A379D1370664}.Debug|Win32.ActiveCfg = Debug|Win32
		{56692CFB-B693-404E-9D98-A379D1370664}.Debug|Win32.Build.0 = Debug|Win32
		{56692CFB-B693-404E-9D98-A379D1370664}.Debug|x64.ActiveCfg = Debug|x64
		{56692CFB-B693-404E-9D98-A379D1370664}.Debug|x64.Build.0 = Debug|x64
		{56692CFB-B693-404E-9D98-A379D1370664}.Release|Win32.ActiveCfg = Release|Win32
		{56692CFB-B693-404E-9D98-A379D1370664}.Release|Win32.Build.0 = Release|Win32
		{56692CFB-B693-404E-9D98-A379D1370664}.Release|x64.ActiveCfg = Release|x64
		{56692CFB-B693-404E-9D98-A379D1370664}.Release|x64.Build.0 = Release|x64
		{11D859BD-185B-40E3-9EBA-0FA17D6FD187}.Debug|Win32.ActiveCfg = Debug|Win32
		{11D859BD-185B-40E3-9EBA-0FA17D6FD187}.Debug|Win32.Build.0 = Debug|Win32
		{11D859BD-185B-40E3-9EBA-0FA17D6FD187}.Debug|x64.ActiveCfg = Debug|x64
		{11D859BD-185B-40E3-9EBA-0FA17D6FD187}.Debug|x64.Build.0 = Debug|x64
		{11D859BD-185B-40E3-9EBA-0FA17D6FD187}.Release|Win32.ActiveCfg = Release|Win32
		{11D859BD-185B-40E3-9EBA-0FA17D6FD187}.Release|Win32.Build.0 = Release|Win32
		{11D859BD-185B-40E3-9EBA-0FA17D6FD187}.Release|x64.ActiveCfg = Release|x64
		{11D859BD-185B-40E3-9EBA-0FA17D6FD187}.Release|x64.Build.0 = Release|x64
		{2CD5963B-8857-4AF5-ADEF-9374AA1BA6EC}.Debug|Win32.ActiveCfg = Debug|Win32
		{2CD5963B-8857-4AF5-ADEF-9374AA1BA6EC}.Debug|Win32.Build.0 = Debug|Win32
		{2CD5963B-8857-4AF5-ADEF-9374AA1BA6EC}.Debug|x64.ActiveCfg = Debug|x64
		{2CD5963B-8857-4AF5-ADEF-9374AA1BA6EC}.Debug|x64.Build.0 = Debug|x64
		{2CD5963B-8857-4AF5-ADEF-9374AA1BA6EC}.Release|Win32.ActiveCfg = Release|Win32
		{2CD5963B-8857-4AF5-ADEF-9374AA1BA6EC}.Release|Win32.Build.0 = Release|Win32
		{2CD5963B-8857-4AF5-ADEF-9374AA1BA6EC}.Release|x64.ActiveCfg = Release|x64
		{2CD5963B-8857-4AF5-ADEF-9374AA1BA6EC}.Release|x64.Build.0 = Release|x64
		{00C98AD1-BDDE-4FDD-8007-6AF0E048C9E2}.Debug|Win32.ActiveCfg = Debug|Win32
		{00C98AD1-BDDE-4FDD-8007-6AF0E048C9E2}.Debug|Win32.Build.0 = Debug|Win32
		{00C98AD1-BDDE-4FDD-8007-6AF0E048C9E2}.Debug|x64.ActiveCfg = Debug|x64
		{00C98AD1-BDDE-4FDD-8007-6AF0E048C9E2}.Debug|x64.Build.0 = Debug|x64
		{00C98AD1-BDDE-4FDD-8007-6AF0E048C9E2}.Release|Win32.ActiveCfg = Release|Win32
		{00C98AD1-BDDE-4FDD-8007-6AF0E048C9E2}.Release|Win32.Build.0 = Release|Win32
		{00C98AD1-BDDE-4FDD-8007-6AF0E048C9E2}.Release|x64.ActiveCfg = Release|x64
		{00C98AD1-BDDE-4FDD-8007-6AF0E048C9E2}.Release|x64.Build.0 = Release|x64
		{3271149E-C473-4170-AB23-93C7F9235C51}.Debug|Win32.ActiveCfg = Debug|Win32
		{3271149E-C473-4170-AB23-93C7F9235C51}.Debug|Win32.Build.0 = Debug|Win32
		{3271149E-C473-4170-AB23-93C7F9235C51}.Debug|x64.ActiveCfg = Debug|x64
		{3271149E-C473-4170-AB23-93C7F9235C51}.Debug|x64.Build.0 = Debug|x64
		{3271149E-C473-4170-AB23-93C7F9235C51}.Release|Win32.ActiveCfg = Release|Win32
		{3271149E-C473-4170-AB23-93C7F9235C51}.Release|Win32.Build.0 = Release|Win32
		{3271149E-C473-4170-AB23-93C7F9235C51}.Release|x64.ActiveCfg = Release|x64
		{3271149E-C473-4170-AB23-93C7F9235C51}.Release|x64.Build.0 = Release|x64
	EndGlobalSection
	GlobalSection(SolutionProperties) = preSolution
		HideSolutionNode = FALSE
	EndGlobalSection
	GlobalSection(ExtensibilityGlobals) = postSolution
		SolutionGuid = {DC12A791-507D-4E28-84C7-DCDA47F9D918}
	EndGlobalSection
EndGlobal
