<?xml version="1.0" encoding="utf-8"?>
<Project ToolsVersion="4.0" xmlns="http://schemas.microsoft.com/developer/msbuild/2003">
  <ItemGroup>
    <Filter Include="Source Files">
      <UniqueIdentifier>{4FC737F1-C7A5-4376-A066-2A32D752A2FF}</UniqueIdentifier>
      <Extensions>cpp;c;cc;cxx;def;odl;idl;hpj;bat;asm;asmx</Extensions>
    </Filter>
    <Filter Include="Header Files">
      <UniqueIdentifier>{93995380-89BD-4b04-88EB-625FBE52EBFB}</UniqueIdentifier>
      <Extensions>h;hh;hpp;hxx;hm;inl;inc;xsd</Extensions>
    </Filter>
    <Filter Include="Header Files\GUI">
      <UniqueIdentifier>{316daf16-7904-45bf-b6a2-1b79de68f0c5}</UniqueIdentifier>
    </Filter>
    <Filter Include="Header Files\GUI\ContextMenus">
      <UniqueIdentifier>{95a879cf-ea12-488e-9edb-f99ec233dd97}</UniqueIdentifier>
    </Filter>
    <Filter Include="Header Files\GUI\DescriptionBoxes">
      <UniqueIdentifier>{519e3fc7-cb9d-4062-b475-73b853f30cd8}</UniqueIdentifier>
    </Filter>
    <Filter Include="Header Files\GUI\StatusScreen">
      <UniqueIdentifier>{99604308-c9c3-43c6-a250-4ffb4f58b91f}</UniqueIdentifier>
    </Filter>
    <Filter Include="Header Files\Helper">
      <UniqueIdentifier>{30d39b10-ce24-45e3-a2fa-fad751dcf569}</UniqueIdentifier>
    </Filter>
    <Filter Include="Header Files\Input">
      <UniqueIdentifier>{affee666-ba9e-4416-857d-24237f4daf67}</UniqueIdentifier>
    </Filter>
    <Filter Include="Header Files\Position">
      <UniqueIdentifier>{8e1be9ad-62f0-41c4-9e86-7e826e445e8a}</UniqueIdentifier>
    </Filter>
    <Filter Include="Header Files\Time">
      <UniqueIdentifier>{958172e1-0064-4874-81f1-521a22b7d950}</UniqueIdentifier>
    </Filter>
    <Filter Include="Header Files\Render">
      <UniqueIdentifier>{52e3ff53-5f40-4d5f-803d-c8e3acbfb5ec}</UniqueIdentifier>
    </Filter>
    <Filter Include="Header Files\Render\Color">
      <UniqueIdentifier>{0847696d-cf19-4511-b55c-05f1fa41c034}</UniqueIdentifier>
    </Filter>
    <Filter Include="Header Files\Sound">
      <UniqueIdentifier>{0040e232-5328-41e8-9583-c7fda3776428}</UniqueIdentifier>
    </Filter>
    <Filter Include="Header Files\Speech">
      <UniqueIdentifier>{67b26b3e-4694-48de-a600-434a1b11d8b7}</UniqueIdentifier>
    </Filter>
    <Filter Include="Header Files\State">
      <UniqueIdentifier>{28c2efb1-fa60-4a62-b3fb-46903a66adf0}</UniqueIdentifier>
    </Filter>
    <Filter Include="Source Files\GUI">
      <UniqueIdentifier>{3ab4b2fc-65ac-48aa-bb23-0463d30884ba}</UniqueIdentifier>
    </Filter>
    <Filter Include="Source Files\GUI\ContextMenus">
      <UniqueIdentifier>{b64150cb-1b79-4325-b14a-d331710eac72}</UniqueIdentifier>
    </Filter>
    <Filter Include="Source Files\GUI\Description Boxes">
      <UniqueIdentifier>{8e38b703-2287-4a12-bab8-c930942c1308}</UniqueIdentifier>
    </Filter>
    <Filter Include="Source Files\GUI\Status Screen">
      <UniqueIdentifier>{d48822b2-9ae0-4ee0-b7fe-6bea9555eac1}</UniqueIdentifier>
    </Filter>
    <Filter Include="Source Files\Helper">
      <UniqueIdentifier>{269d1f80-81d2-482d-893c-dfda6d31a959}</UniqueIdentifier>
    </Filter>
    <Filter Include="Source Files\Input">
      <UniqueIdentifier>{99300fe0-fa8f-488e-8783-158595253e34}</UniqueIdentifier>
    </Filter>
    <Filter Include="Source Files\Position">
      <UniqueIdentifier>{502175c1-0fbf-4f6b-b23d-3e1c165a09b0}</UniqueIdentifier>
    </Filter>
    <Filter Include="Source Files\Time">
      <UniqueIdentifier>{42ea9f92-6b43-45bc-be88-e1d74eed9904}</UniqueIdentifier>
    </Filter>
    <Filter Include="Source Files\Render">
      <UniqueIdentifier>{15d98e68-259c-4e12-a6af-e68ffb0dea67}</UniqueIdentifier>
    </Filter>
    <Filter Include="Source Files\Render\Color">
      <UniqueIdentifier>{a21623e9-1424-4130-8564-ced45aaecab6}</UniqueIdentifier>
    </Filter>
    <Filter Include="Source Files\Sound">
      <UniqueIdentifier>{3ba79d1c-3516-4398-9629-abc6ee92e444}</UniqueIdentifier>
    </Filter>
    <Filter Include="Source Files\Speech">
      <UniqueIdentifier>{d3f8890c-1054-432d-9690-f6669cbd8b5b}</UniqueIdentifier>
    </Filter>
    <Filter Include="Source Files\State">
      <UniqueIdentifier>{4fffd952-579f-41fc-8769-4c667a97ef56}</UniqueIdentifier>
    </Filter>
    <Filter Include="Header Files\Serialization">
      <UniqueIdentifier>{3c4fb6d2-7419-47af-99c1-074f38530e0f}</UniqueIdentifier>
    </Filter>
    <Filter Include="Source Files\Serialization">
      <UniqueIdentifier>{3be4b79c-f407-45cc-8b0d-561a7fc1f4ff}</UniqueIdentifier>
    </Filter>
    <Filter Include="Header Files\Entities">
      <UniqueIdentifier>{fb6b57fb-80b5-434b-91d3-f9912ea9f605}</UniqueIdentifier>
    </Filter>
    <Filter Include="Source Files\Entities">
      <UniqueIdentifier>{05d52b45-c9f5-47ab-895d-af56ebab25a9}</UniqueIdentifier>
    </Filter>
    <Filter Include="Header Files\Entities\Components">
      <UniqueIdentifier>{44b016f2-25dd-4a06-948b-c2fc9cfd8618}</UniqueIdentifier>
    </Filter>
    <Filter Include="Source Files\Entities\Components">
      <UniqueIdentifier>{d3c0fea4-1e46-4199-af57-1c1d3869854b}</UniqueIdentifier>
    </Filter>
    <Filter Include="Header Files\Render\Canvas">
      <UniqueIdentifier>{23d45b18-d542-40bf-8eaa-bffdb2cb6506}</UniqueIdentifier>
    </Filter>
    <Filter Include="Source Files\Entities\Systems">
      <UniqueIdentifier>{aa40266a-e180-4c3b-b4a8-0ac2edb5aabc}</UniqueIdentifier>
    </Filter>
    <Filter Include="Header Files\Entities\Systems">
      <UniqueIdentifier>{5dd13e0f-ab59-4397-825b-335831f0a430}</UniqueIdentifier>
    </Filter>
    <Filter Include="Source Files\State\Battle">
      <UniqueIdentifier>{e76e2efe-4bc7-45fa-84b0-efb3470a31da}</UniqueIdentifier>
    </Filter>
    <Filter Include="Header Files\State\Battle">
      <UniqueIdentifier>{1ee36d0e-a89b-4848-b7b9-02c740964dbc}</UniqueIdentifier>
    </Filter>
    <Filter Include="Header Files\World">
      <UniqueIdentifier>{4fb2003e-b494-4c96-a9d0-cd8eeee46466}</UniqueIdentifier>
    </Filter>
    <Filter Include="Header Files\World\Field">
      <UniqueIdentifier>{f293d851-634a-4302-99aa-be00858d178a}</UniqueIdentifier>
    </Filter>
    <Filter Include="Source Files\World">
      <UniqueIdentifier>{50980618-27e4-402a-a131-5457f27a6904}</UniqueIdentifier>
    </Filter>
    <Filter Include="Source Files\World\Field">
      <UniqueIdentifier>{4ea0e384-4f86-4eec-acfb-752af8350217}</UniqueIdentifier>
    </Filter>
    <Filter Include="Header Files\Modulators">
      <UniqueIdentifier>{673d0497-a6cc-4038-9f68-0195f133a69c}</UniqueIdentifier>
    </Filter>
    <Filter Include="Source Files\Modulators">
      <UniqueIdentifier>{594661d8-e3f5-40bf-abc1-2c5f027d8480}</UniqueIdentifier>
    </Filter>
    <Filter Include="Header Files\Tile">
      <UniqueIdentifier>{03e08cf4-496a-4af0-8620-7c590ccf3305}</UniqueIdentifier>
    </Filter>
    <Filter Include="Source Files\Tile">
      <UniqueIdentifier>{c9671fee-8858-4697-97ab-c8ebcdb0118d}</UniqueIdentifier>
    </Filter>
    <Filter Include="Header Files\Senses">
      <UniqueIdentifier>{6a04c03d-c544-4be1-8dd3-1073d614040e}</UniqueIdentifier>
    </Filter>
    <Filter Include="Source Files\Senses">
      <UniqueIdentifier>{a91e0e25-df1d-4803-aecd-948540fc9fc8}</UniqueIdentifier>
    </Filter>
    <Filter Include="Header Files\Assets">
      <UniqueIdentifier>{158161a2-a3fb-4b88-96e3-24663ac25821}</UniqueIdentifier>
    </Filter>
    <Filter Include="Header Files\Assets\Material">
      <UniqueIdentifier>{98092466-b7ad-4a17-bd38-072c4078fa75}</UniqueIdentifier>
    </Filter>
    <Filter Include="Header Files\Assets\Audio">
      <UniqueIdentifier>{abf3f60e-a301-47d7-8391-d7398d4a6743}</UniqueIdentifier>
    </Filter>
    <Filter Include="Header Files\Assets\Image">
      <UniqueIdentifier>{61d3dfe8-913d-4b03-ac4a-28923ea29ba4}</UniqueIdentifier>
    </Filter>
    <Filter Include="Header Files\Assets\Shader">
      <UniqueIdentifier>{ba076add-1f82-4836-b9a3-d2d52df14d10}</UniqueIdentifier>
    </Filter>
    <Filter Include="Header Files\Assets\Script">
      <UniqueIdentifier>{db47804d-d412-44a8-b8c7-910659d6edba}</UniqueIdentifier>
    </Filter>
    <Filter Include="Source Files\Assets">
      <UniqueIdentifier>{84d21b76-f4c9-4c71-827f-9e3e8af80664}</UniqueIdentifier>
    </Filter>
    <Filter Include="Source Files\Assets\Material">
      <UniqueIdentifier>{36f8aff9-b4d8-48e5-969a-63374752e155}</UniqueIdentifier>
    </Filter>
    <Filter Include="Source Files\Assets\Image">
      <UniqueIdentifier>{aa05f55d-413e-4708-b2dd-dc657ea531ec}</UniqueIdentifier>
    </Filter>
    <Filter Include="Source Files\Assets\Shader">
      <UniqueIdentifier>{e20c75b3-5400-4448-9f12-12571feb6e9d}</UniqueIdentifier>
    </Filter>
    <Filter Include="Source Files\Assets\Script">
      <UniqueIdentifier>{c23d82df-cd73-463f-a3c9-3b932bf382b6}</UniqueIdentifier>
    </Filter>
    <Filter Include="Header Files\Exceptions">
      <UniqueIdentifier>{f4b4a3e6-2382-4292-9edb-818241f6080e}</UniqueIdentifier>
    </Filter>
    <Filter Include="Source Files\Exceptions">
      <UniqueIdentifier>{aa0c0163-ab17-4a3a-b00a-610d82060f65}</UniqueIdentifier>
    </Filter>
    <Filter Include="Source Files\Assets\Audio">
      <UniqueIdentifier>{a4825785-5055-44e3-8bda-047dab740f9a}</UniqueIdentifier>
    </Filter>
    <Filter Include="Header Files\Logging">
      <UniqueIdentifier>{ff72ed80-b124-49f7-bcc6-c875f9867f7e}</UniqueIdentifier>
    </Filter>
    <Filter Include="Source Files\Logging">
      <UniqueIdentifier>{7948401a-5e4c-432a-989e-e2e9008b9b65}</UniqueIdentifier>
    </Filter>
    <Filter Include="Header Files\Entities\Components\Derived">
      <UniqueIdentifier>{fe721556-12cc-4f6e-9ed7-806bf89129ff}</UniqueIdentifier>
    </Filter>
    <Filter Include="Source Files\Entities\Components\Derived">
      <UniqueIdentifier>{0f3b484e-0a78-4dda-9806-1f194c3f0366}</UniqueIdentifier>
    </Filter>
    <Filter Include="Header Files\Object">
      <UniqueIdentifier>{7555968d-fb2f-416c-895f-4be21b8be312}</UniqueIdentifier>
    </Filter>
    <Filter Include="Source Files\Object">
      <UniqueIdentifier>{7247a964-49c7-4e52-9072-b7577ddaca58}</UniqueIdentifier>
    </Filter>
    <Filter Include="Header Files\IDManager">
      <UniqueIdentifier>{3a794035-25af-45ad-8d1e-8c29fa870005}</UniqueIdentifier>
    </Filter>
    <Filter Include="Source Files\PositionalObjects">
      <UniqueIdentifier>{574988d0-8406-4442-ba6b-b68f4ec3ac72}</UniqueIdentifier>
    </Filter>
    <Filter Include="Header Files\Properties">
      <UniqueIdentifier>{0ecc5b11-b882-4b5b-928a-13dc531ac35d}</UniqueIdentifier>
    </Filter>
    <Filter Include="Source Files\Modulators\Interpolation">
      <UniqueIdentifier>{2ef764c0-2c65-4bea-9959-6c6a44a9dd4b}</UniqueIdentifier>
    </Filter>
    <Filter Include="Header Files\Modulators\Interpolation">
      <UniqueIdentifier>{d69c911e-ebbf-4317-b890-2e1195c00491}</UniqueIdentifier>
    </Filter>
    <Filter Include="Header Files\Events">
      <UniqueIdentifier>{b2a38337-e2b1-42ad-8dbc-88a7c4980b02}</UniqueIdentifier>
    </Filter>
    <Filter Include="Source Files\Events">
      <UniqueIdentifier>{f26dda75-50ec-40a4-8541-f6a6664fdb61}</UniqueIdentifier>
    </Filter>
    <Filter Include="Source Files\RegistryObjects">
      <UniqueIdentifier>{fd96fa3f-0b76-430c-bfcb-f53b902d0512}</UniqueIdentifier>
    </Filter>
    <Filter Include="Source Files\RegistryObjects\Item">
      <UniqueIdentifier>{5af42f18-5ed3-428c-8450-7a18dbe2bbcb}</UniqueIdentifier>
    </Filter>
    <Filter Include="Source Files\RegistryObjects\Spell">
      <UniqueIdentifier>{b4976a85-be05-463f-8992-ae37c388ea59}</UniqueIdentifier>
    </Filter>
    <Filter Include="Source Files\RegistryObjects\StatusEffect">
      <UniqueIdentifier>{86aa9798-9fcf-4477-a305-c5d76cad7a87}</UniqueIdentifier>
    </Filter>
    <Filter Include="Source Files\RegistryObjects\Character Class">
      <UniqueIdentifier>{783ed53d-c212-48e4-b2be-7bb08efb1bb7}</UniqueIdentifier>
    </Filter>
    <Filter Include="Source Files\RegistryObjects\Abilities">
      <UniqueIdentifier>{ed36f594-7d25-4d8e-9432-90a6e7cdb392}</UniqueIdentifier>
    </Filter>
    <Filter Include="Source Files\RegistryObjects\Quests">
      <UniqueIdentifier>{7d0f61e2-30ac-4c9c-97c8-7ff56f113d28}</UniqueIdentifier>
    </Filter>
    <Filter Include="Source Files\GameData">
      <UniqueIdentifier>{5a080eaa-7d96-423e-b3cb-49875a7ecccb}</UniqueIdentifier>
    </Filter>
    <Filter Include="Source Files\GameData\Attributes">
      <UniqueIdentifier>{09efca32-2611-45ca-a2de-c1c4b14ad532}</UniqueIdentifier>
    </Filter>
    <Filter Include="Source Files\GameData\Combat">
      <UniqueIdentifier>{70c202f2-45a9-4a24-8700-667d5c7b8d3b}</UniqueIdentifier>
    </Filter>
    <Filter Include="Header Files\GameData">
      <UniqueIdentifier>{f8bb0ee4-de8f-4d14-9afa-55445dce0d27}</UniqueIdentifier>
    </Filter>
    <Filter Include="Header Files\GameData\Attributes">
      <UniqueIdentifier>{2533610a-fd6b-4b97-ae03-38fdac11463a}</UniqueIdentifier>
    </Filter>
    <Filter Include="Header Files\GameData\Combat">
      <UniqueIdentifier>{efced4a6-15ec-449c-a0be-09a38e743dc8}</UniqueIdentifier>
    </Filter>
    <Filter Include="Header Files\Math">
      <UniqueIdentifier>{8809c779-b0fc-4fb7-a722-1966a93f45f2}</UniqueIdentifier>
    </Filter>
    <Filter Include="Header Files\Containers">
      <UniqueIdentifier>{593e616a-e248-4ebe-80df-4476c08d8c06}</UniqueIdentifier>
    </Filter>
    <Filter Include="Source Files\Math">
      <UniqueIdentifier>{968bd1c6-884c-46f5-a5ee-c8d654b12b9a}</UniqueIdentifier>
    </Filter>
    <Filter Include="Header Files\AngelScript">
      <UniqueIdentifier>{bb380e76-0fdb-4c8d-96b8-8fee573af8bd}</UniqueIdentifier>
    </Filter>
    <Filter Include="Header Files\AngelScript\Addon">
      <UniqueIdentifier>{10f6fe88-04e4-48f9-90b3-089a5df04ba3}</UniqueIdentifier>
    </Filter>
    <Filter Include="Source Files\AngelScript">
      <UniqueIdentifier>{510dbc17-4162-419b-bc6f-d999f3fa4ded}</UniqueIdentifier>
    </Filter>
    <Filter Include="Source Files\AngelScript\Addon">
      <UniqueIdentifier>{075d222d-98d0-4c59-b8d6-b5799d513a8f}</UniqueIdentifier>
    </Filter>
    <Filter Include="Header Files\Engine">
      <UniqueIdentifier>{ddce0791-135a-492f-9185-7990a04c0440}</UniqueIdentifier>
    </Filter>
    <Filter Include="Source Files\Engine">
      <UniqueIdentifier>{5210a282-5189-4ad0-9027-918aa06c9757}</UniqueIdentifier>
    </Filter>
    <Filter Include="Header Files\Provider">
      <UniqueIdentifier>{0690f5dc-8974-4114-8155-d10c5f6fd4c1}</UniqueIdentifier>
    </Filter>
    <Filter Include="Header Files\Initialization">
      <UniqueIdentifier>{08744f75-03d2-46be-bc11-8e578882cd06}</UniqueIdentifier>
    </Filter>
    <Filter Include="Source Files\Initialization">
      <UniqueIdentifier>{5e1fd991-58e4-4afc-bc83-77d0724009a3}</UniqueIdentifier>
    </Filter>
    <Filter Include="Header Files\Debug">
      <UniqueIdentifier>{f3383e2c-f123-47ad-97fd-751d80c5e160}</UniqueIdentifier>
    </Filter>
    <Filter Include="Source Files\Debug">
      <UniqueIdentifier>{50dec7c3-2b40-465b-aa69-2176f5d9a42f}</UniqueIdentifier>
    </Filter>
    <Filter Include="Header Files\Window">
      <UniqueIdentifier>{ee9b11ac-de9b-4358-9243-6769facfd314}</UniqueIdentifier>
    </Filter>
    <Filter Include="Source Files\Window">
      <UniqueIdentifier>{564a75d3-5110-4669-a683-4a19e4e46af1}</UniqueIdentifier>
    </Filter>
    <Filter Include="Source Files\File">
      <UniqueIdentifier>{70640439-c7dc-4f77-8805-7194c8f9047f}</UniqueIdentifier>
    </Filter>
    <Filter Include="Header Files\File">
      <UniqueIdentifier>{319dc3b7-a4d3-4243-a2a8-0d229a4f6ab6}</UniqueIdentifier>
    </Filter>
    <Filter Include="Source Files\World\Stasis Scribe">
      <UniqueIdentifier>{c99e5890-f82d-422b-b8ad-7f196b5e01e9}</UniqueIdentifier>
    </Filter>
    <Filter Include="Header Files\World\Stasis Scribe">
      <UniqueIdentifier>{10a08c38-184f-47c4-955e-548481570820}</UniqueIdentifier>
    </Filter>
    <Filter Include="Header Files\Serialization\ScribeBase">
      <UniqueIdentifier>{44efc06a-e12c-4150-9914-519b00d8e8e2}</UniqueIdentifier>
    </Filter>
    <Filter Include="Source Files\Serialization\ScribeBase">
      <UniqueIdentifier>{92588c19-f4bd-4e27-9c6c-3439682def1c}</UniqueIdentifier>
    </Filter>
    <Filter Include="Source Files\World\World Scribe">
      <UniqueIdentifier>{67ba23ad-074b-4810-8907-9d18cd1ed2a5}</UniqueIdentifier>
    </Filter>
    <Filter Include="Header Files\World\World Scribe">
      <UniqueIdentifier>{800b0608-37d4-410d-9b4e-8790474a95f8}</UniqueIdentifier>
    </Filter>
    <Filter Include="Header Files\Serialization\Skip File">
      <UniqueIdentifier>{5947c944-570c-4310-b74c-617d1cc6d664}</UniqueIdentifier>
    </Filter>
    <Filter Include="Header Files\Positional Objects">
      <UniqueIdentifier>{7fb22f80-31ef-484c-ad60-6bdcf9d9d2de}</UniqueIdentifier>
    </Filter>
    <Filter Include="Header Files\Registry Objects">
      <UniqueIdentifier>{25b4633d-9c60-4b1b-aec9-5b647f7d15d8}</UniqueIdentifier>
    </Filter>
    <Filter Include="Header Files\Registry Objects\Item">
      <UniqueIdentifier>{303ffe23-8dbe-4c90-992d-49b15d2ea343}</UniqueIdentifier>
    </Filter>
    <Filter Include="Header Files\Registry Objects\Spells">
      <UniqueIdentifier>{5eeb41c7-4229-4734-8f8f-60f154f823bd}</UniqueIdentifier>
    </Filter>
    <Filter Include="Header Files\Registry Objects\StatusEffect">
      <UniqueIdentifier>{c6706985-e9f3-45a2-84b7-67e37072d392}</UniqueIdentifier>
    </Filter>
    <Filter Include="Header Files\Registry Objects\Character Class">
      <UniqueIdentifier>{168ef56c-bec4-4236-9601-522f0d64f7ac}</UniqueIdentifier>
    </Filter>
    <Filter Include="Header Files\Registry Objects\Abilities">
      <UniqueIdentifier>{33dab41b-e598-4724-8ddd-97c82bb59cdb}</UniqueIdentifier>
    </Filter>
    <Filter Include="Header Files\Registry Objects\Quests">
      <UniqueIdentifier>{47d8a5b5-727a-416c-9f65-ee97a3b0671c}</UniqueIdentifier>
    </Filter>
    <Filter Include="Header Files\Time\Stopwatches">
      <UniqueIdentifier>{534fe9e6-2447-4a7b-9f14-ee71be4e826f}</UniqueIdentifier>
    </Filter>
    <Filter Include="Source Files\Time\Stopwatches">
      <UniqueIdentifier>{eb950769-20e0-427c-ac24-1c3d5ee93d1b}</UniqueIdentifier>
    </Filter>
    <Filter Include="Header Files\AngelScript\Registration">
      <UniqueIdentifier>{2bce928d-4833-49b3-b722-4be718b382c9}</UniqueIdentifier>
    </Filter>
    <Filter Include="Header Files\AngelScript\Registration\Bases">
      <UniqueIdentifier>{b1a10f14-f416-4dee-a889-914cefbd468d}</UniqueIdentifier>
    </Filter>
  </ItemGroup>
  <ItemGroup>
    <ClInclude Include="Battle.h">
      <Filter>Header Files\State\Battle</Filter>
    </ClInclude>
    <ClInclude Include="Field.h">
      <Filter>Header Files\World\Field</Filter>
    </ClInclude>
    <ClInclude Include="FieldDestination.h">
      <Filter>Header Files\World\Field</Filter>
    </ClInclude>
    <ClInclude Include="EquipSlot.h">
      <Filter>Header Files\Registry Objects\Item</Filter>
    </ClInclude>
    <ClInclude Include="ItemDrop.h">
      <Filter>Header Files\Registry Objects\Item</Filter>
    </ClInclude>
    <ClInclude Include="Tile.h">
      <Filter>Header Files\Tile</Filter>
    </ClInclude>
    <ClInclude Include="ContextMenu.h">
      <Filter>Header Files\GUI\ContextMenus</Filter>
    </ClInclude>
    <ClInclude Include="ItemContextMenu.h">
      <Filter>Header Files\GUI\ContextMenus</Filter>
    </ClInclude>
    <ClInclude Include="SpellContextMenu.h">
      <Filter>Header Files\GUI\ContextMenus</Filter>
    </ClInclude>
    <ClInclude Include="DescriptionBox.h">
      <Filter>Header Files\GUI\DescriptionBoxes</Filter>
    </ClInclude>
    <ClInclude Include="ItemDescriptionBox.h">
      <Filter>Header Files\GUI\DescriptionBoxes</Filter>
    </ClInclude>
    <ClInclude Include="SpellDescriptionBox.h">
      <Filter>Header Files\GUI\DescriptionBoxes</Filter>
    </ClInclude>
    <ClInclude Include="StatusScreen.h">
      <Filter>Header Files\GUI\StatusScreen</Filter>
    </ClInclude>
    <ClInclude Include="Cursor.h">
      <Filter>Header Files\GUI</Filter>
    </ClInclude>
    <ClInclude Include="FontDefines.h">
      <Filter>Header Files\GUI</Filter>
    </ClInclude>
    <ClInclude Include="WidgetSetups.h">
      <Filter>Header Files\GUI</Filter>
    </ClInclude>
    <ClInclude Include="Bind.h">
      <Filter>Header Files\Helper</Filter>
    </ClInclude>
    <ClInclude Include="Flags.h">
      <Filter>Header Files\Helper</Filter>
    </ClInclude>
    <ClInclude Include="Function.h">
      <Filter>Header Files\Helper</Filter>
    </ClInclude>
    <ClInclude Include="Range.h">
      <Filter>Header Files\Helper</Filter>
    </ClInclude>
    <ClInclude Include="Direction.h">
      <Filter>Header Files\Position</Filter>
    </ClInclude>
    <ClInclude Include="Color.h">
      <Filter>Header Files\Render\Color</Filter>
    </ClInclude>
    <ClInclude Include="StateGui.h">
      <Filter>Header Files\State</Filter>
    </ClInclude>
    <ClInclude Include="FieldID.h">
      <Filter>Header Files\World\Field</Filter>
    </ClInclude>
    <ClInclude Include="Serialization.h">
      <Filter>Header Files\Serialization</Filter>
    </ClInclude>
    <ClInclude Include="Shop.h">
      <Filter>Header Files\Speech</Filter>
    </ClInclude>
    <ClInclude Include="UnpackTuple.h">
      <Filter>Header Files\Helper</Filter>
    </ClInclude>
    <ClInclude Include="String.h">
      <Filter>Header Files\Helper</Filter>
    </ClInclude>
    <ClInclude Include="Enum.h">
      <Filter>Header Files\Helper</Filter>
    </ClInclude>
    <ClInclude Include="Buffer.h">
      <Filter>Header Files\Helper</Filter>
    </ClInclude>
    <ClInclude Include="DXAudio.h">
      <Filter>Header Files\Sound</Filter>
    </ClInclude>
    <ClInclude Include="DXGraphics.h">
      <Filter>Header Files\Render</Filter>
    </ClInclude>
    <ClInclude Include="RenderFragment.h">
      <Filter>Header Files\Render</Filter>
    </ClInclude>
    <ClInclude Include="CanvasView.h">
      <Filter>Header Files\Render\Canvas</Filter>
    </ClInclude>
    <ClInclude Include="Canvas.h">
      <Filter>Header Files\Render\Canvas</Filter>
    </ClInclude>
    <ClInclude Include="Optional.h">
      <Filter>Header Files\Helper</Filter>
    </ClInclude>
    <ClInclude Include="EquipRegion.h">
      <Filter>Header Files\Registry Objects\Item</Filter>
    </ClInclude>
    <ClInclude Include="AguiSpriteFactory.h">
      <Filter>Header Files\GUI</Filter>
    </ClInclude>
    <ClInclude Include="EntityAISystem.h">
      <Filter>Header Files\Entities\Systems</Filter>
    </ClInclude>
    <ClInclude Include="BattleCharacter.h">
      <Filter>Header Files\State\Battle</Filter>
    </ClInclude>
    <ClInclude Include="BattleActionManager.h">
      <Filter>Header Files\State\Battle</Filter>
    </ClInclude>
    <ClInclude Include="BattleActionPlacement.h">
      <Filter>Header Files\State\Battle</Filter>
    </ClInclude>
    <ClInclude Include="BattleActionAttack.h">
      <Filter>Header Files\State\Battle</Filter>
    </ClInclude>
    <ClInclude Include="BattleActionMovement.h">
      <Filter>Header Files\State\Battle</Filter>
    </ClInclude>
    <ClInclude Include="BattlePattern.h">
      <Filter>Header Files\State\Battle</Filter>
    </ClInclude>
    <ClInclude Include="FilePath.h">
      <Filter>Header Files\File</Filter>
    </ClInclude>
    <ClInclude Include="Music.h">
      <Filter>Header Files\Sound</Filter>
    </ClInclude>
    <ClInclude Include="Volume.h">
      <Filter>Header Files\Sound</Filter>
    </ClInclude>
    <ClInclude Include="MousePosition.h">
      <Filter>Header Files\Position</Filter>
    </ClInclude>
    <ClInclude Include="NullGraphics.h">
      <Filter>Header Files\Render</Filter>
    </ClInclude>
    <ClInclude Include="NullAudio.h">
      <Filter>Header Files\Sound</Filter>
    </ClInclude>
    <ClInclude Include="InputAction.h">
      <Filter>Header Files\Input</Filter>
    </ClInclude>
    <ClInclude Include="Position3D.h">
      <Filter>Header Files\Position</Filter>
    </ClInclude>
    <ClInclude Include="Position2D.h">
      <Filter>Header Files\Position</Filter>
    </ClInclude>
    <ClInclude Include="AxisBoundingBox2D.h">
      <Filter>Header Files\Position</Filter>
    </ClInclude>
    <ClInclude Include="AxisBoundingBox3D.h">
      <Filter>Header Files\Position</Filter>
    </ClInclude>
    <ClInclude Include="LineRender.h">
      <Filter>Header Files\Render</Filter>
    </ClInclude>
    <ClInclude Include="Line2D.h">
      <Filter>Header Files\Position</Filter>
    </ClInclude>
    <ClInclude Include="Angle.h">
      <Filter>Header Files\Position</Filter>
    </ClInclude>
    <ClInclude Include="Line3D.h">
      <Filter>Header Files\Position</Filter>
    </ClInclude>
    <ClInclude Include="Join.h">
      <Filter>Header Files\Helper</Filter>
    </ClInclude>
    <ClInclude Include="Vector3D.h">
      <Filter>Header Files\Position</Filter>
    </ClInclude>
    <ClInclude Include="Vector2D.h">
      <Filter>Header Files\Position</Filter>
    </ClInclude>
    <ClInclude Include="GridPosition.h">
      <Filter>Header Files\Position</Filter>
    </ClInclude>
    <ClInclude Include="RenderFragmentGrid.h">
      <Filter>Header Files\Render</Filter>
    </ClInclude>
    <ClInclude Include="GridSize.h">
      <Filter>Header Files\Position</Filter>
    </ClInclude>
    <ClInclude Include="ObjectHandle.h">
      <Filter>Header Files\GameData</Filter>
    </ClInclude>
    <ClInclude Include="Ability.h">
      <Filter>Header Files\Registry Objects\Abilities</Filter>
    </ClInclude>
    <ClInclude Include="ItemStack.h">
      <Filter>Header Files\Registry Objects\Item</Filter>
    </ClInclude>
    <ClInclude Include="ItemRecipe.h">
      <Filter>Header Files\Registry Objects\Item</Filter>
    </ClInclude>
    <ClInclude Include="Quest.h">
      <Filter>Header Files\Registry Objects\Quests</Filter>
    </ClInclude>
    <ClInclude Include="ItemStash.h">
      <Filter>Header Files\Registry Objects\Item</Filter>
    </ClInclude>
    <ClInclude Include="Acumen.h">
      <Filter>Header Files\GameData\Attributes</Filter>
    </ClInclude>
    <ClInclude Include="Defense.h">
      <Filter>Header Files\GameData\Combat</Filter>
    </ClInclude>
    <ClInclude Include="Proficiency.h">
      <Filter>Header Files\GameData\Attributes</Filter>
    </ClInclude>
    <ClInclude Include="Tag.h">
      <Filter>Header Files\GameData</Filter>
    </ClInclude>
    <ClInclude Include="OperatorSelector.h">
      <Filter>Header Files\Helper</Filter>
    </ClInclude>
    <ClInclude Include="DataStandard.h">
      <Filter>Header Files\GameData</Filter>
    </ClInclude>
    <ClInclude Include="Attribute.h">
      <Filter>Header Files\GameData\Attributes</Filter>
    </ClInclude>
    <ClInclude Include="GlobalContext.h">
      <Filter>Header Files\GameData</Filter>
    </ClInclude>
    <ClInclude Include="ResourceAttribute.h">
      <Filter>Header Files\GameData\Attributes</Filter>
    </ClInclude>
    <ClInclude Include="StatAttribute.h">
      <Filter>Header Files\GameData\Attributes</Filter>
    </ClInclude>
    <ClInclude Include="StatusEffectInstance.h">
      <Filter>Header Files\Registry Objects\StatusEffect</Filter>
    </ClInclude>
    <ClInclude Include="CombatTransaction.h">
      <Filter>Header Files\GameData\Combat</Filter>
    </ClInclude>
    <ClInclude Include="CombatEffectiveness.h">
      <Filter>Header Files\GameData\Attributes</Filter>
    </ClInclude>
    <ClInclude Include="WorldStart.h">
      <Filter>Header Files\World</Filter>
    </ClInclude>
    <ClInclude Include="MovementRange.h">
      <Filter>Header Files\GameData</Filter>
    </ClInclude>
    <ClInclude Include="Beam.h">
      <Filter>Header Files\GameData\Combat</Filter>
    </ClInclude>
    <ClInclude Include="Sprite.h">
      <Filter>Header Files\Senses</Filter>
    </ClInclude>
    <ClInclude Include="Sound.h">
      <Filter>Header Files\Senses</Filter>
    </ClInclude>
    <ClInclude Include="NameValuePair.h">
      <Filter>Header Files\Helper</Filter>
    </ClInclude>
    <ClInclude Include="StatusEffect.h">
      <Filter>Header Files\Registry Objects\StatusEffect</Filter>
    </ClInclude>
    <ClInclude Include="CharacterClass.h">
      <Filter>Header Files\Registry Objects\Character Class</Filter>
    </ClInclude>
    <ClInclude Include="Item.h">
      <Filter>Header Files\Registry Objects\Item</Filter>
    </ClInclude>
    <ClInclude Include="AttackRange.h">
      <Filter>Header Files\GameData\Combat</Filter>
    </ClInclude>
    <ClInclude Include="BattleActionAbility.h">
      <Filter>Header Files\State\Battle</Filter>
    </ClInclude>
    <ClInclude Include="TimeValue.h">
      <Filter>Header Files\Time</Filter>
    </ClInclude>
    <ClInclude Include="StringUtility.h">
      <Filter>Header Files\Helper</Filter>
    </ClInclude>
    <ClInclude Include="Spell.h">
      <Filter>Header Files\Registry Objects\Spells</Filter>
    </ClInclude>
    <ClInclude Include="Asset.h">
      <Filter>Header Files\Assets</Filter>
    </ClInclude>
    <ClInclude Include="ImageAsset.h">
      <Filter>Header Files\Assets\Image</Filter>
    </ClInclude>
    <ClInclude Include="ShaderAsset.h">
      <Filter>Header Files\Assets\Shader</Filter>
    </ClInclude>
    <ClInclude Include="FileUtility.h">
      <Filter>Header Files\File</Filter>
    </ClInclude>
    <ClInclude Include="RenderSurface.h">
      <Filter>Header Files\Render</Filter>
    </ClInclude>
    <ClInclude Include="Size2D.h">
      <Filter>Header Files\Position</Filter>
    </ClInclude>
    <ClInclude Include="Size3D.h">
      <Filter>Header Files\Position</Filter>
    </ClInclude>
    <ClInclude Include="ScrubbedType.h">
      <Filter>Header Files\Helper</Filter>
    </ClInclude>
    <ClInclude Include="Sense.h">
      <Filter>Header Files\Senses</Filter>
    </ClInclude>
    <ClInclude Include="DivideByZeroException.h">
      <Filter>Header Files\Exceptions</Filter>
    </ClInclude>
    <ClInclude Include="InputException.h">
      <Filter>Header Files\Exceptions</Filter>
    </ClInclude>
    <ClInclude Include="RelativeFilePath.h">
      <Filter>Header Files\File</Filter>
    </ClInclude>
    <ClInclude Include="BattleTeamID.h">
      <Filter>Header Files\State\Battle</Filter>
    </ClInclude>
    <ClInclude Include="BattleSquadID.h">
      <Filter>Header Files\State\Battle</Filter>
    </ClInclude>
    <ClInclude Include="ActionComponent.h">
      <Filter>Header Files\Entities\Components\Derived</Filter>
    </ClInclude>
    <ClInclude Include="AIComponent.h">
      <Filter>Header Files\Entities\Components\Derived</Filter>
    </ClInclude>
    <ClInclude Include="AvatarComponent.h">
      <Filter>Header Files\Entities\Components\Derived</Filter>
    </ClInclude>
    <ClInclude Include="CombatComponent.h">
      <Filter>Header Files\Entities\Components\Derived</Filter>
    </ClInclude>
    <ClInclude Include="GeneralComponent.h">
      <Filter>Header Files\Entities\Components\Derived</Filter>
    </ClInclude>
    <ClInclude Include="InventoryComponent.h">
      <Filter>Header Files\Entities\Components\Derived</Filter>
    </ClInclude>
    <ClInclude Include="MovementComponent.h">
      <Filter>Header Files\Entities\Components\Derived</Filter>
    </ClInclude>
    <ClInclude Include="ObjectBatch.h">
      <Filter>Header Files\Object</Filter>
    </ClInclude>
    <ClInclude Include="ObjectBatchException.h">
      <Filter>Header Files\Object</Filter>
    </ClInclude>
    <ClInclude Include="ObjectBatchSource.h">
      <Filter>Header Files\Object</Filter>
    </ClInclude>
    <ClInclude Include="ObjectID.h">
      <Filter>Header Files\Object</Filter>
    </ClInclude>
    <ClInclude Include="ObjectManager.h">
      <Filter>Header Files\Object</Filter>
    </ClInclude>
    <ClInclude Include="ObjectReference.h">
      <Filter>Header Files\Object</Filter>
    </ClInclude>
    <ClInclude Include="ObjectStaticAssert.h">
      <Filter>Header Files\Object</Filter>
    </ClInclude>
    <ClInclude Include="ObjectSystem.h">
      <Filter>Header Files\Object</Filter>
    </ClInclude>
    <ClInclude Include="ObjectTraits.h">
      <Filter>Header Files\Object</Filter>
    </ClInclude>
    <ClInclude Include="ObjectTypeDescription.h">
      <Filter>Header Files\Object</Filter>
    </ClInclude>
    <ClInclude Include="ObjectTypeDescriptionGroup.h">
      <Filter>Header Files\Object</Filter>
    </ClInclude>
    <ClInclude Include="ObjectTypeGraph.h">
      <Filter>Header Files\Object</Filter>
    </ClInclude>
    <ClInclude Include="ObjectTypeList.h">
      <Filter>Header Files\Object</Filter>
    </ClInclude>
    <ClInclude Include="ObjectTypeName.h">
      <Filter>Header Files\Object</Filter>
    </ClInclude>
    <ClInclude Include="IDManager.h">
      <Filter>Header Files\IDManager</Filter>
    </ClInclude>
    <ClInclude Include="IDManagerIterator.h">
      <Filter>Header Files\IDManager</Filter>
    </ClInclude>
    <ClInclude Include="Object.h">
      <Filter>Header Files\Object</Filter>
    </ClInclude>
    <ClInclude Include="ObjectTypeValidation.h">
      <Filter>Header Files\Object</Filter>
    </ClInclude>
    <ClInclude Include="TileSystem.h">
      <Filter>Header Files\Tile</Filter>
    </ClInclude>
    <ClInclude Include="PositionalObject.h">
      <Filter>Header Files\Positional Objects</Filter>
    </ClInclude>
    <ClInclude Include="RenderFragmentSystem.h">
      <Filter>Header Files\Render</Filter>
    </ClInclude>
    <ClInclude Include="ObjectMap.h">
      <Filter>Header Files\Object</Filter>
    </ClInclude>
    <ClInclude Include="ObjectMapIterator.h">
      <Filter>Header Files\Object</Filter>
    </ClInclude>
    <ClInclude Include="Degrees.h">
      <Filter>Header Files\Position</Filter>
    </ClInclude>
    <ClInclude Include="Radians.h">
      <Filter>Header Files\Position</Filter>
    </ClInclude>
    <ClInclude Include="AngleUnits.h">
      <Filter>Header Files\Position</Filter>
    </ClInclude>
    <ClInclude Include="AngleUnitsTypeValidation.h">
      <Filter>Header Files\Position</Filter>
    </ClInclude>
    <ClInclude Include="AngleConversion.h">
      <Filter>Header Files\Position</Filter>
    </ClInclude>
    <ClInclude Include="AssetSystem.h">
      <Filter>Header Files\Assets</Filter>
    </ClInclude>
    <ClInclude Include="Property.h">
      <Filter>Header Files\Properties</Filter>
    </ClInclude>
    <ClInclude Include="ReadonlyProperty.h">
      <Filter>Header Files\Properties</Filter>
    </ClInclude>
    <ClInclude Include="PropertyCore.h">
      <Filter>Header Files\Properties</Filter>
    </ClInclude>
    <ClInclude Include="ArithmeticPropertySlotInterface.h">
      <Filter>Header Files\Properties</Filter>
    </ClInclude>
    <ClInclude Include="PointerPropertySlotInterface.h">
      <Filter>Header Files\Properties</Filter>
    </ClInclude>
    <ClInclude Include="ReadonlyPointerPropertySlotInterface.h">
      <Filter>Header Files\Properties</Filter>
    </ClInclude>
    <ClInclude Include="DifferentiatableInherit.h">
      <Filter>Header Files\Helper</Filter>
    </ClInclude>
    <ClInclude Include="StoredProperty.h">
      <Filter>Header Files\Properties</Filter>
    </ClInclude>
    <ClInclude Include="StoredReadonlyProperty.h">
      <Filter>Header Files\Properties</Filter>
    </ClInclude>
    <ClInclude Include="EqualityPropertySlotInterface.h">
      <Filter>Header Files\Properties</Filter>
    </ClInclude>
    <ClInclude Include="HasEqualityComparison.h">
      <Filter>Header Files\Helper</Filter>
    </ClInclude>
    <ClInclude Include="ListPropertySlotInterface.h">
      <Filter>Header Files\Properties</Filter>
    </ClInclude>
    <ClInclude Include="ObjectBatchSourceDefinition.h">
      <Filter>Header Files\Object</Filter>
    </ClInclude>
    <ClInclude Include="AudioAssetInstance.h">
      <Filter>Header Files\Assets\Audio</Filter>
    </ClInclude>
    <ClInclude Include="ObjectSystemTraits.h">
      <Filter>Header Files\Object</Filter>
    </ClInclude>
    <ClInclude Include="ObjectSystemPriority.h">
      <Filter>Header Files\Object</Filter>
    </ClInclude>
    <ClInclude Include="ScriptGlobalItems.h">
      <Filter>Header Files\Assets\Script</Filter>
    </ClInclude>
    <ClInclude Include="ScriptParameters.h">
      <Filter>Header Files\Assets\Script</Filter>
    </ClInclude>
    <ClInclude Include="ScriptPersistence.h">
      <Filter>Header Files\Assets\Script</Filter>
    </ClInclude>
    <ClInclude Include="SenseComponent.h">
      <Filter>Header Files\Entities\Components\Derived</Filter>
    </ClInclude>
    <ClInclude Include="QuestPart.h">
      <Filter>Header Files\Registry Objects\Quests</Filter>
    </ClInclude>
    <ClInclude Include="ObjectFactory.h">
      <Filter>Header Files\Object</Filter>
    </ClInclude>
    <ClInclude Include="ObjectFactoryBase.h">
      <Filter>Header Files\Object</Filter>
    </ClInclude>
    <ClInclude Include="ObjectFactoryTraits.h">
      <Filter>Header Files\Object</Filter>
    </ClInclude>
    <ClInclude Include="TileFactory.h">
      <Filter>Header Files\Tile</Filter>
    </ClInclude>
    <ClInclude Include="AssetFactory.h">
      <Filter>Header Files\Assets</Filter>
    </ClInclude>
    <ClInclude Include="PositionalSystem.h">
      <Filter>Header Files\Positional Objects</Filter>
    </ClInclude>
    <ClInclude Include="ObjectSerialization.h">
      <Filter>Header Files\Object</Filter>
    </ClInclude>
    <ClInclude Include="ObjectTypeNameSerializer.h">
      <Filter>Header Files\Object</Filter>
    </ClInclude>
    <ClInclude Include="ObjectTypeGraphIterator.h">
      <Filter>Header Files\Object</Filter>
    </ClInclude>
    <ClInclude Include="ObjectTypeGraphNode.h">
      <Filter>Header Files\Object</Filter>
    </ClInclude>
    <ClInclude Include="NullInput.h">
      <Filter>Header Files\Input</Filter>
    </ClInclude>
    <ClInclude Include="AudioAsset.h">
      <Filter>Header Files\Assets\Audio</Filter>
    </ClInclude>
    <ClInclude Include="RunningScript.h">
      <Filter>Header Files\Assets\Script</Filter>
    </ClInclude>
    <ClInclude Include="ScriptController.h">
      <Filter>Header Files\Assets\Script</Filter>
    </ClInclude>
    <ClInclude Include="ScriptInstance.h">
      <Filter>Header Files\Assets\Script</Filter>
    </ClInclude>
    <ClInclude Include="SoundSystem.h">
      <Filter>Header Files\Sound</Filter>
    </ClInclude>
    <ClInclude Include="MusicSystem.h">
      <Filter>Header Files\Sound</Filter>
    </ClInclude>
    <ClInclude Include="SpeechController.h">
      <Filter>Header Files\Speech</Filter>
    </ClInclude>
    <ClInclude Include="RegistryObject.h">
      <Filter>Header Files\Registry Objects</Filter>
    </ClInclude>
    <ClInclude Include="RegistryObjectFactory.h">
      <Filter>Header Files\Registry Objects</Filter>
    </ClInclude>
    <ClInclude Include="RegistryObjectSystem.h">
      <Filter>Header Files\Registry Objects</Filter>
    </ClInclude>
    <ClInclude Include="AbilityFactory.h">
      <Filter>Header Files\Registry Objects\Abilities</Filter>
    </ClInclude>
    <ClInclude Include="AbilitySystem.h">
      <Filter>Header Files\Registry Objects\Abilities</Filter>
    </ClInclude>
    <ClInclude Include="CharacterClassFactory.h">
      <Filter>Header Files\Registry Objects\Character Class</Filter>
    </ClInclude>
    <ClInclude Include="CharacterClassSystem.h">
      <Filter>Header Files\Registry Objects\Character Class</Filter>
    </ClInclude>
    <ClInclude Include="ItemFactory.h">
      <Filter>Header Files\Registry Objects\Item</Filter>
    </ClInclude>
    <ClInclude Include="ItemSystem.h">
      <Filter>Header Files\Registry Objects\Item</Filter>
    </ClInclude>
    <ClInclude Include="QuestFactory.h">
      <Filter>Header Files\Registry Objects\Quests</Filter>
    </ClInclude>
    <ClInclude Include="QuestSystem.h">
      <Filter>Header Files\Registry Objects\Quests</Filter>
    </ClInclude>
    <ClInclude Include="SpellFactory.h">
      <Filter>Header Files\Registry Objects\Spells</Filter>
    </ClInclude>
    <ClInclude Include="SpellSystem.h">
      <Filter>Header Files\Registry Objects\Spells</Filter>
    </ClInclude>
    <ClInclude Include="StatusEffectFactory.h">
      <Filter>Header Files\Registry Objects\StatusEffect</Filter>
    </ClInclude>
    <ClInclude Include="StatusEffectSystem.h">
      <Filter>Header Files\Registry Objects\StatusEffect</Filter>
    </ClInclude>
    <ClInclude Include="..\..\AngelScript\sdk\add_on\scriptstdstring\scriptstdstring.h">
      <Filter>Header Files\AngelScript\Addon</Filter>
    </ClInclude>
    <ClInclude Include="..\..\AngelScript\sdk\add_on\scriptarray\scriptarray.h">
      <Filter>Header Files\AngelScript\Addon</Filter>
    </ClInclude>
    <ClInclude Include="AngelScriptAssert.h">
      <Filter>Header Files\AngelScript</Filter>
    </ClInclude>
    <ClInclude Include="ScriptAsset.h">
      <Filter>Header Files\Assets\Script</Filter>
    </ClInclude>
    <ClInclude Include="ScriptVariant.h">
      <Filter>Header Files\Assets\Script</Filter>
    </ClInclude>
    <ClInclude Include="Variant.h">
      <Filter>Header Files\GameData</Filter>
    </ClInclude>
    <ClInclude Include="ChromaVariant.h">
      <Filter>Header Files\Serialization</Filter>
    </ClInclude>
    <ClInclude Include="AngelScriptUtility.h">
      <Filter>Header Files\AngelScript</Filter>
    </ClInclude>
    <ClInclude Include="Event.h">
      <Filter>Header Files\Events</Filter>
    </ClInclude>
    <ClInclude Include="AnyEventConnection.h">
      <Filter>Header Files\Events</Filter>
    </ClInclude>
    <ClInclude Include="ScopedEventConnection.h">
      <Filter>Header Files\Events</Filter>
    </ClInclude>
    <ClInclude Include="BoundEventSubscriber.h">
      <Filter>Header Files\Events</Filter>
    </ClInclude>
    <ClInclude Include="BoundEventSubscriberList.h">
      <Filter>Header Files\Events</Filter>
    </ClInclude>
    <ClInclude Include="ScopedEventConnectionList.h">
      <Filter>Header Files\Events</Filter>
    </ClInclude>
    <ClInclude Include="GameState.h">
      <Filter>Header Files\State</Filter>
    </ClInclude>
    <ClInclude Include="CancelMenuState.h">
      <Filter>Header Files\State</Filter>
    </ClInclude>
    <ClInclude Include="ControlsState.h">
      <Filter>Header Files\State</Filter>
    </ClInclude>
    <ClInclude Include="MainMenuState.h">
      <Filter>Header Files\State</Filter>
    </ClInclude>
    <ClInclude Include="OptionsState.h">
      <Filter>Header Files\State</Filter>
    </ClInclude>
    <ClInclude Include="ObjectManagerFactory.h">
      <Filter>Header Files\Object</Filter>
    </ClInclude>
    <ClInclude Include="PositionalOffsetAdapter.h">
      <Filter>Header Files\Positional Objects</Filter>
    </ClInclude>
    <ClInclude Include="Name.h">
      <Filter>Header Files\Helper</Filter>
    </ClInclude>
    <ClInclude Include="Random.h">
      <Filter>Header Files\Helper</Filter>
    </ClInclude>
    <ClInclude Include="SimpleFile.h">
      <Filter>Header Files\Serialization</Filter>
    </ClInclude>
    <ClInclude Include="Assert.h">
      <Filter>Header Files\Helper</Filter>
    </ClInclude>
    <ClInclude Include="BoundedNumberWrap.h">
      <Filter>Header Files\Math</Filter>
    </ClInclude>
    <ClInclude Include="BoundedNumber.h">
      <Filter>Header Files\Math</Filter>
    </ClInclude>
    <ClInclude Include="Fraction.h">
      <Filter>Header Files\Math</Filter>
    </ClInclude>
    <ClInclude Include="FixedPoint.h">
      <Filter>Header Files\Math</Filter>
    </ClInclude>
    <ClInclude Include="Percentage.h">
      <Filter>Header Files\Math</Filter>
    </ClInclude>
    <ClInclude Include="Overflow.h">
      <Filter>Header Files\Math</Filter>
    </ClInclude>
    <ClInclude Include="NumericLimits.h">
      <Filter>Header Files\Math</Filter>
    </ClInclude>
    <ClInclude Include="WrapMath.h">
      <Filter>Header Files\Math</Filter>
    </ClInclude>
    <ClInclude Include="AccessAdapter.h">
      <Filter>Header Files\Containers</Filter>
    </ClInclude>
    <ClInclude Include="BinaryHeap.h">
      <Filter>Header Files\Containers</Filter>
    </ClInclude>
    <ClInclude Include="ContainerUtility.h">
      <Filter>Header Files\Containers</Filter>
    </ClInclude>
    <ClInclude Include="IDSequencer.h">
      <Filter>Header Files\Containers</Filter>
    </ClInclude>
    <ClInclude Include="IntervalList.h">
      <Filter>Header Files\Containers</Filter>
    </ClInclude>
    <ClInclude Include="IsList.h">
      <Filter>Header Files\Containers</Filter>
    </ClInclude>
    <ClInclude Include="LargeInteger.h">
      <Filter>Header Files\Math</Filter>
    </ClInclude>
    <ClInclude Include="MathUtility.h">
      <Filter>Header Files\Math</Filter>
    </ClInclude>
    <ClInclude Include="RandomAccessSequence.h">
      <Filter>Header Files\Containers</Filter>
    </ClInclude>
    <ClInclude Include="UniqueStack.h">
      <Filter>Header Files\Containers</Filter>
    </ClInclude>
    <ClInclude Include="Ratio.h">
      <Filter>Header Files\Math</Filter>
    </ClInclude>
    <ClInclude Include="BitConcatenator.h">
      <Filter>Header Files\Helper</Filter>
    </ClInclude>
    <ClInclude Include="NotImplementedException.h">
      <Filter>Header Files\Exceptions</Filter>
    </ClInclude>
    <ClInclude Include="InputSignalBase.h">
      <Filter>Header Files\Input</Filter>
    </ClInclude>
    <ClInclude Include="InputSignal.h">
      <Filter>Header Files\Input</Filter>
    </ClInclude>
    <ClInclude Include="InputKey.h">
      <Filter>Header Files\Input</Filter>
    </ClInclude>
    <ClInclude Include="InputMouseKey.h">
      <Filter>Header Files\Input</Filter>
    </ClInclude>
    <ClInclude Include="InputKeyID.h">
      <Filter>Header Files\Input</Filter>
    </ClInclude>
    <ClInclude Include="InputActionID.h">
      <Filter>Header Files\Input</Filter>
    </ClInclude>
    <ClInclude Include="InputMouseKeyID.h">
      <Filter>Header Files\Input</Filter>
    </ClInclude>
    <ClInclude Include="InputKeyIDVariant.h">
      <Filter>Header Files\Input</Filter>
    </ClInclude>
    <ClInclude Include="LoggingSystem.h">
      <Filter>Header Files\Logging</Filter>
    </ClInclude>
    <ClInclude Include="InputTraits.h">
      <Filter>Header Files\Input</Filter>
    </ClInclude>
    <ClInclude Include="Engine.h">
      <Filter>Header Files\Engine</Filter>
    </ClInclude>
    <ClInclude Include="WindowsEngine.h">
      <Filter>Header Files\Engine</Filter>
    </ClInclude>
    <ClInclude Include="CreatedEngineContext.h">
      <Filter>Header Files\Engine</Filter>
    </ClInclude>
    <ClInclude Include="EngineExecution.h">
      <Filter>Header Files\Engine</Filter>
    </ClInclude>
    <ClInclude Include="UniqueProviderSystem.h">
      <Filter>Header Files\Provider</Filter>
    </ClInclude>
    <ClInclude Include="CameraSystem.h">
      <Filter>Header Files\Render</Filter>
    </ClInclude>
    <ClInclude Include="AssetPackageSystem.h">
      <Filter>Header Files\Assets</Filter>
    </ClInclude>
    <ClInclude Include="TimeSystem.h">
      <Filter>Header Files\Time</Filter>
    </ClInclude>
    <ClInclude Include="FpsSystem.h">
      <Filter>Header Files\Time</Filter>
    </ClInclude>
    <ClInclude Include="StateSystem.h">
      <Filter>Header Files\State</Filter>
    </ClInclude>
    <ClInclude Include="RenderingSystem.h">
      <Filter>Header Files\Render</Filter>
    </ClInclude>
    <ClInclude Include="InitializationFileSection.h">
      <Filter>Header Files\Initialization</Filter>
    </ClInclude>
    <ClInclude Include="InitializationFileEntry.h">
      <Filter>Header Files\Initialization</Filter>
    </ClInclude>
    <ClInclude Include="InitializationFileExtractedSection.h">
      <Filter>Header Files\Initialization</Filter>
    </ClInclude>
    <ClInclude Include="InitializationFileSystem.h">
      <Filter>Header Files\Initialization</Filter>
    </ClInclude>
    <ClInclude Include="GuiSystem.h">
      <Filter>Header Files\GUI</Filter>
    </ClInclude>
    <ClInclude Include="MasterSoundSystem.h">
      <Filter>Header Files\Sound</Filter>
    </ClInclude>
    <ClInclude Include="FileSystem.h">
      <Filter>Header Files\File</Filter>
    </ClInclude>
    <ClInclude Include="StateWithGui.h">
      <Filter>Header Files\State</Filter>
    </ClInclude>
    <ClInclude Include="State.h">
      <Filter>Header Files\State</Filter>
    </ClInclude>
    <ClInclude Include="InputManager.h">
      <Filter>Header Files\Input</Filter>
    </ClInclude>
    <ClInclude Include="DebugStatisticsSystem.h">
      <Filter>Header Files\Debug</Filter>
    </ClInclude>
    <ClInclude Include="DebugScreen.h">
      <Filter>Header Files\Debug</Filter>
    </ClInclude>
    <ClInclude Include="IsSameRuntimeType.h">
      <Filter>Header Files\Helper</Filter>
    </ClInclude>
    <ClInclude Include="WindowsInputManager.h">
      <Filter>Header Files\Input</Filter>
    </ClInclude>
    <ClInclude Include="WindowBase.h">
      <Filter>Header Files\Window</Filter>
    </ClInclude>
    <ClInclude Include="WindowSystem.h">
      <Filter>Header Files\Window</Filter>
    </ClInclude>
    <ClInclude Include="WindowsWindow.h">
      <Filter>Header Files\Window</Filter>
    </ClInclude>
    <ClInclude Include="MaterialAsset.h">
      <Filter>Header Files\Assets\Material</Filter>
    </ClInclude>
    <ClInclude Include="InputSystem.h">
      <Filter>Header Files\Input</Filter>
    </ClInclude>
    <ClInclude Include="AudioManager.h">
      <Filter>Header Files\Sound</Filter>
    </ClInclude>
    <ClInclude Include="GraphicsManager.h">
      <Filter>Header Files\Render</Filter>
    </ClInclude>
    <ClInclude Include="WindowsInclude.h">
      <Filter>Header Files\Engine</Filter>
    </ClInclude>
    <ClInclude Include="GraphicsSystem.h">
      <Filter>Header Files\Render</Filter>
    </ClInclude>
    <ClInclude Include="FileManager.h">
      <Filter>Header Files\File</Filter>
    </ClInclude>
    <ClInclude Include="WindowsFileManager.h">
      <Filter>Header Files\File</Filter>
    </ClInclude>
    <ClInclude Include="AudioAssetSystem.h">
      <Filter>Header Files\Assets\Audio</Filter>
    </ClInclude>
    <ClInclude Include="AudioAssetFactory.h">
      <Filter>Header Files\Assets\Audio</Filter>
    </ClInclude>
    <ClInclude Include="ImageAssetSystem.h">
      <Filter>Header Files\Assets\Image</Filter>
    </ClInclude>
    <ClInclude Include="ImageAssetFactory.h">
      <Filter>Header Files\Assets\Image</Filter>
    </ClInclude>
    <ClInclude Include="MaterialAssetSystem.h">
      <Filter>Header Files\Assets\Material</Filter>
    </ClInclude>
    <ClInclude Include="MaterialAssetFactory.h">
      <Filter>Header Files\Assets\Material</Filter>
    </ClInclude>
    <ClInclude Include="ScriptAssetSystem.h">
      <Filter>Header Files\Assets\Script</Filter>
    </ClInclude>
    <ClInclude Include="ScriptAssetFactory.h">
      <Filter>Header Files\Assets\Script</Filter>
    </ClInclude>
    <ClInclude Include="ShaderAssetSystem.h">
      <Filter>Header Files\Assets\Shader</Filter>
    </ClInclude>
    <ClInclude Include="ShaderAssetFactory.h">
      <Filter>Header Files\Assets\Shader</Filter>
    </ClInclude>
    <ClInclude Include="AudioSystem.h">
      <Filter>Header Files\Sound</Filter>
    </ClInclude>
    <ClInclude Include="AngelScriptSystem.h">
      <Filter>Header Files\AngelScript</Filter>
    </ClInclude>
    <ClInclude Include="AngelScriptUserData.h">
      <Filter>Header Files\AngelScript</Filter>
    </ClInclude>
    <ClInclude Include="AngelScriptRegistrationInterface.h">
      <Filter>Header Files\AngelScript</Filter>
    </ClInclude>
    <ClInclude Include="Pathfinder.h">
      <Filter>Header Files\Position</Filter>
    </ClInclude>
    <ClInclude Include="GameDialogSystem.h">
      <Filter>Header Files\GUI</Filter>
    </ClInclude>
    <ClInclude Include="ModulatorInterpolation.h">
      <Filter>Header Files\Modulators\Interpolation</Filter>
    </ClInclude>
    <ClInclude Include="ModulatorInterpolationLinear.h">
      <Filter>Header Files\Modulators\Interpolation</Filter>
    </ClInclude>
    <ClInclude Include="ModulatorInterpolationOscillation.h">
      <Filter>Header Files\Modulators\Interpolation</Filter>
    </ClInclude>
    <ClInclude Include="ModulatorInterpolationSmoothstep.h">
      <Filter>Header Files\Modulators\Interpolation</Filter>
    </ClInclude>
    <ClInclude Include="EntitySystem.h">
      <Filter>Header Files\Entities</Filter>
    </ClInclude>
    <ClInclude Include="Entity.h">
      <Filter>Header Files\Entities</Filter>
    </ClInclude>
    <ClInclude Include="EntityComponent.h">
      <Filter>Header Files\Entities\Components</Filter>
    </ClInclude>
    <ClInclude Include="EntityPositionSystem.h">
      <Filter>Header Files\Entities\Systems</Filter>
    </ClInclude>
    <ClInclude Include="WorldManager.h">
      <Filter>Header Files\World</Filter>
    </ClInclude>
    <ClInclude Include="ObjectManagerException.h">
      <Filter>Header Files\Object</Filter>
    </ClInclude>
    <ClInclude Include="InputWorldScribe.h">
      <Filter>Header Files\World\World Scribe</Filter>
    </ClInclude>
    <ClInclude Include="OutputWorldScribe.h">
      <Filter>Header Files\World\World Scribe</Filter>
    </ClInclude>
    <ClInclude Include="InputStasisScribe.h">
      <Filter>Header Files\World\Stasis Scribe</Filter>
    </ClInclude>
    <ClInclude Include="OutputStasisScribe.h">
      <Filter>Header Files\World\Stasis Scribe</Filter>
    </ClInclude>
    <ClInclude Include="ScribeBase.h">
      <Filter>Header Files\Serialization\ScribeBase</Filter>
    </ClInclude>
    <ClInclude Include="OutputScribeBase.h">
      <Filter>Header Files\Serialization\ScribeBase</Filter>
    </ClInclude>
    <ClInclude Include="InputScribeBase.h">
      <Filter>Header Files\Serialization\ScribeBase</Filter>
    </ClInclude>
    <ClInclude Include="SkipFileObject.h">
      <Filter>Header Files\Serialization\Skip File</Filter>
    </ClInclude>
    <ClInclude Include="SkipFileHandle.h">
      <Filter>Header Files\Serialization\Skip File</Filter>
    </ClInclude>
    <ClInclude Include="SkipFileSaver.h">
      <Filter>Header Files\Serialization\Skip File</Filter>
    </ClInclude>
    <ClInclude Include="EntityAvatarSystem.h">
      <Filter>Header Files\Entities\Systems</Filter>
    </ClInclude>
    <ClInclude Include="EntityActionSystem.h">
      <Filter>Header Files\Entities\Systems</Filter>
    </ClInclude>
    <ClInclude Include="WorldSystem.h">
      <Filter>Header Files\World</Filter>
    </ClInclude>
    <ClInclude Include="ObjectRegistration.h">
      <Filter>Header Files\Object</Filter>
    </ClInclude>
    <ClInclude Include="ObjectException.h">
      <Filter>Header Files\Object</Filter>
    </ClInclude>
    <ClInclude Include="ScreenPosition.h">
      <Filter>Header Files\Position</Filter>
    </ClInclude>
    <ClInclude Include="ScreenDimensions.h">
      <Filter>Header Files\Position</Filter>
    </ClInclude>
    <ClInclude Include="EngineSystem.h">
      <Filter>Header Files\Engine</Filter>
    </ClInclude>
    <ClInclude Include="UnownedProviderSystem.h">
      <Filter>Header Files\Provider</Filter>
    </ClInclude>
    <ClInclude Include="StopwatchBase.h">
      <Filter>Header Files\Time\Stopwatches</Filter>
    </ClInclude>
    <ClInclude Include="FrameStopwatch.h">
      <Filter>Header Files\Time\Stopwatches</Filter>
    </ClInclude>
    <ClInclude Include="RealStopwatch.h">
      <Filter>Header Files\Time\Stopwatches</Filter>
    </ClInclude>
    <ClInclude Include="ExtendedStopwatchAdapter.h">
      <Filter>Header Files\Time\Stopwatches</Filter>
    </ClInclude>
    <ClInclude Include="AngelScriptTile.h">
      <Filter>Header Files\AngelScript\Registration</Filter>
    </ClInclude>
    <ClInclude Include="AngelScriptGridPosition.h">
      <Filter>Header Files\AngelScript\Registration</Filter>
    </ClInclude>
    <ClInclude Include="AngelScriptReferenceCounted.h">
      <Filter>Header Files\AngelScript\Registration\Bases</Filter>
    </ClInclude>
    <ClInclude Include="AngelScriptObject.h">
      <Filter>Header Files\AngelScript\Registration</Filter>
    </ClInclude>
    <ClInclude Include="AngelScriptEvent.h">
      <Filter>Header Files\AngelScript\Registration</Filter>
    </ClInclude>
  </ItemGroup>
  <ItemGroup>
    <ClCompile Include="Battle.cpp">
      <Filter>Source Files\State\Battle</Filter>
    </ClCompile>
    <ClCompile Include="Field.cpp">
      <Filter>Source Files\World\Field</Filter>
    </ClCompile>
    <ClCompile Include="FieldDestination.cpp">
      <Filter>Source Files\World\Field</Filter>
    </ClCompile>
    <ClCompile Include="ItemDrop.cpp">
      <Filter>Source Files\RegistryObjects\Item</Filter>
    </ClCompile>
    <ClCompile Include="Tile.cpp">
      <Filter>Source Files\Tile</Filter>
    </ClCompile>
    <ClCompile Include="ContextMenu.cpp">
      <Filter>Source Files\GUI\ContextMenus</Filter>
    </ClCompile>
    <ClCompile Include="ItemContextMenu.cpp">
      <Filter>Source Files\GUI\ContextMenus</Filter>
    </ClCompile>
    <ClCompile Include="SpellContextMenu.cpp">
      <Filter>Source Files\GUI\ContextMenus</Filter>
    </ClCompile>
    <ClCompile Include="DescriptionBox.cpp">
      <Filter>Source Files\GUI\Description Boxes</Filter>
    </ClCompile>
    <ClCompile Include="ItemDescriptionBox.cpp">
      <Filter>Source Files\GUI\Description Boxes</Filter>
    </ClCompile>
    <ClCompile Include="SpellDescriptionBox.cpp">
      <Filter>Source Files\GUI\Description Boxes</Filter>
    </ClCompile>
    <ClCompile Include="FontDefines.cpp">
      <Filter>Source Files\GUI</Filter>
    </ClCompile>
    <ClCompile Include="WidgetSetups.cpp">
      <Filter>Source Files\GUI</Filter>
    </ClCompile>
    <ClCompile Include="Direction.cpp">
      <Filter>Source Files\Position</Filter>
    </ClCompile>
    <ClCompile Include="Color.cpp">
      <Filter>Source Files\Render\Color</Filter>
    </ClCompile>
    <ClCompile Include="StateGui.cpp">
      <Filter>Source Files\State</Filter>
    </ClCompile>
    <ClCompile Include="Shop.cpp">
      <Filter>Source Files\Speech</Filter>
    </ClCompile>
    <ClCompile Include="StatusScreen.cpp">
      <Filter>Source Files\GUI\Status Screen</Filter>
    </ClCompile>
    <ClCompile Include="DXAudio.cpp">
      <Filter>Source Files\Sound</Filter>
    </ClCompile>
    <ClCompile Include="DXGraphics.cpp">
      <Filter>Source Files\Render</Filter>
    </ClCompile>
    <ClCompile Include="RenderSurface.cpp">
      <Filter>Source Files\Render</Filter>
    </ClCompile>
    <ClCompile Include="RenderFragment.cpp">
      <Filter>Source Files\Render</Filter>
    </ClCompile>
    <ClCompile Include="Canvas.cpp">
      <Filter>Source Files\Render</Filter>
    </ClCompile>
    <ClCompile Include="CanvasView.cpp">
      <Filter>Source Files\Render</Filter>
    </ClCompile>
    <ClCompile Include="Buffer.cpp">
      <Filter>Source Files\Helper</Filter>
    </ClCompile>
    <ClCompile Include="AguiSpriteFactory.cpp">
      <Filter>Source Files\GUI</Filter>
    </ClCompile>
    <ClCompile Include="EntityAISystem.cpp">
      <Filter>Source Files\Entities\Systems</Filter>
    </ClCompile>
    <ClCompile Include="BattleCharacter.cpp">
      <Filter>Source Files\State\Battle</Filter>
    </ClCompile>
    <ClCompile Include="BattleActionManager.cpp">
      <Filter>Source Files\State\Battle</Filter>
    </ClCompile>
    <ClCompile Include="BattleActionAttack.cpp">
      <Filter>Source Files\State\Battle</Filter>
    </ClCompile>
    <ClCompile Include="BattleActionMovement.cpp">
      <Filter>Source Files\State\Battle</Filter>
    </ClCompile>
    <ClCompile Include="BattleActionPlacement.cpp">
      <Filter>Source Files\State\Battle</Filter>
    </ClCompile>
    <ClCompile Include="FilePath.cpp">
      <Filter>Source Files\File</Filter>
    </ClCompile>
    <ClCompile Include="FileUtility.cpp">
      <Filter>Source Files\File</Filter>
    </ClCompile>
    <ClCompile Include="Optional.cpp">
      <Filter>Source Files\Helper</Filter>
    </ClCompile>
    <ClCompile Include="Music.cpp">
      <Filter>Source Files\Sound</Filter>
    </ClCompile>
    <ClCompile Include="MousePosition.cpp">
      <Filter>Source Files\Position</Filter>
    </ClCompile>
    <ClCompile Include="NullGraphics.cpp">
      <Filter>Source Files\Render</Filter>
    </ClCompile>
    <ClCompile Include="NullAudio.cpp">
      <Filter>Source Files\Sound</Filter>
    </ClCompile>
    <ClCompile Include="InputAction.cpp">
      <Filter>Source Files\Input</Filter>
    </ClCompile>
    <ClCompile Include="Position2D.cpp">
      <Filter>Source Files\Position</Filter>
    </ClCompile>
    <ClCompile Include="Position3D.cpp">
      <Filter>Source Files\Position</Filter>
    </ClCompile>
    <ClCompile Include="AxisBoundingBox3D.cpp">
      <Filter>Source Files\Position</Filter>
    </ClCompile>
    <ClCompile Include="AxisBoundingBox2D.cpp">
      <Filter>Source Files\Position</Filter>
    </ClCompile>
    <ClCompile Include="LineRender.cpp">
      <Filter>Source Files\Render</Filter>
    </ClCompile>
    <ClCompile Include="Line2D.cpp">
      <Filter>Source Files\Position</Filter>
    </ClCompile>
    <ClCompile Include="Angle.cpp">
      <Filter>Source Files\Position</Filter>
    </ClCompile>
    <ClCompile Include="Line3D.cpp">
      <Filter>Source Files\Position</Filter>
    </ClCompile>
    <ClCompile Include="Vector3D.cpp">
      <Filter>Source Files\Position</Filter>
    </ClCompile>
    <ClCompile Include="Vector2D.cpp">
      <Filter>Source Files\Position</Filter>
    </ClCompile>
    <ClCompile Include="GridPosition.cpp">
      <Filter>Source Files\Position</Filter>
    </ClCompile>
    <ClCompile Include="RenderFragmentGrid.cpp">
      <Filter>Source Files\Render</Filter>
    </ClCompile>
    <ClCompile Include="Ability.cpp">
      <Filter>Source Files\RegistryObjects\Abilities</Filter>
    </ClCompile>
    <ClCompile Include="ItemStack.cpp">
      <Filter>Source Files\RegistryObjects\Item</Filter>
    </ClCompile>
    <ClCompile Include="ItemRecipe.cpp">
      <Filter>Source Files\RegistryObjects\Item</Filter>
    </ClCompile>
    <ClCompile Include="Quest.cpp">
      <Filter>Source Files\RegistryObjects\Quests</Filter>
    </ClCompile>
    <ClCompile Include="Acumen.cpp">
      <Filter>Source Files\GameData\Attributes</Filter>
    </ClCompile>
    <ClCompile Include="Proficiency.cpp">
      <Filter>Source Files\GameData\Attributes</Filter>
    </ClCompile>
    <ClCompile Include="ResourceAttribute.cpp">
      <Filter>Source Files\GameData\Attributes</Filter>
    </ClCompile>
    <ClCompile Include="StatAttribute.cpp">
      <Filter>Source Files\GameData\Attributes</Filter>
    </ClCompile>
    <ClCompile Include="StatusEffectInstance.cpp">
      <Filter>Source Files\RegistryObjects\StatusEffect</Filter>
    </ClCompile>
    <ClCompile Include="CombatTransaction.cpp">
      <Filter>Source Files\GameData\Combat</Filter>
    </ClCompile>
    <ClCompile Include="CombatEffectiveness.cpp">
      <Filter>Source Files\GameData\Attributes</Filter>
    </ClCompile>
    <ClCompile Include="WorldStart.cpp">
      <Filter>Source Files\World</Filter>
    </ClCompile>
    <ClCompile Include="Beam.cpp">
      <Filter>Source Files\GameData\Combat</Filter>
    </ClCompile>
    <ClCompile Include="RegistryObject.cpp">
      <Filter>Source Files\RegistryObjects</Filter>
    </ClCompile>
    <ClCompile Include="Sprite.cpp">
      <Filter>Source Files\Senses</Filter>
    </ClCompile>
    <ClCompile Include="Sound.cpp">
      <Filter>Source Files\Senses</Filter>
    </ClCompile>
    <ClCompile Include="NameValuePair.cpp">
      <Filter>Source Files\Helper</Filter>
    </ClCompile>
    <ClCompile Include="StatusEffect.cpp">
      <Filter>Source Files\RegistryObjects\StatusEffect</Filter>
    </ClCompile>
    <ClCompile Include="CharacterClass.cpp">
      <Filter>Source Files\RegistryObjects\Character Class</Filter>
    </ClCompile>
    <ClCompile Include="Item.cpp">
      <Filter>Source Files\RegistryObjects\Item</Filter>
    </ClCompile>
    <ClCompile Include="BattleActionAbility.cpp">
      <Filter>Source Files\State\Battle</Filter>
    </ClCompile>
    <ClCompile Include="GlobalContext.cpp">
      <Filter>Source Files\GameData</Filter>
    </ClCompile>
    <ClCompile Include="DataStandard.cpp">
      <Filter>Source Files\GameData</Filter>
    </ClCompile>
    <ClCompile Include="StringUtility.cpp">
      <Filter>Source Files\Helper</Filter>
    </ClCompile>
    <ClCompile Include="Spell.cpp">
      <Filter>Source Files\RegistryObjects\Spell</Filter>
    </ClCompile>
    <ClCompile Include="Asset.cpp">
      <Filter>Source Files\Assets</Filter>
    </ClCompile>
    <ClCompile Include="ImageAsset.cpp">
      <Filter>Source Files\Assets\Image</Filter>
    </ClCompile>
    <ClCompile Include="ShaderAsset.cpp">
      <Filter>Source Files\Assets\Shader</Filter>
    </ClCompile>
    <ClCompile Include="Size2D.cpp">
      <Filter>Source Files\Position</Filter>
    </ClCompile>
    <ClCompile Include="Size3D.cpp">
      <Filter>Source Files\Position</Filter>
    </ClCompile>
    <ClCompile Include="Sense.cpp">
      <Filter>Source Files\Senses</Filter>
    </ClCompile>
    <ClCompile Include="TimeValue.cpp">
      <Filter>Source Files\Time</Filter>
    </ClCompile>
    <ClCompile Include="DivideByZeroException.cpp">
      <Filter>Source Files\Exceptions</Filter>
    </ClCompile>
    <ClCompile Include="InputException.cpp">
      <Filter>Source Files\Exceptions</Filter>
    </ClCompile>
    <ClCompile Include="RelativeFilePath.cpp">
      <Filter>Source Files\File</Filter>
    </ClCompile>
    <ClCompile Include="Cursor.cpp">
      <Filter>Source Files\GUI</Filter>
    </ClCompile>
    <ClCompile Include="SenseComponent.cpp">
      <Filter>Source Files\Entities\Components\Derived</Filter>
    </ClCompile>
    <ClCompile Include="MovementComponent.cpp">
      <Filter>Source Files\Entities\Components\Derived</Filter>
    </ClCompile>
    <ClCompile Include="GeneralComponent.cpp">
      <Filter>Source Files\Entities\Components\Derived</Filter>
    </ClCompile>
    <ClCompile Include="InventoryComponent.cpp">
      <Filter>Source Files\Entities\Components\Derived</Filter>
    </ClCompile>
    <ClCompile Include="AIComponent.cpp">
      <Filter>Source Files\Entities\Components\Derived</Filter>
    </ClCompile>
    <ClCompile Include="AvatarComponent.cpp">
      <Filter>Source Files\Entities\Components\Derived</Filter>
    </ClCompile>
    <ClCompile Include="CombatComponent.cpp">
      <Filter>Source Files\Entities\Components\Derived</Filter>
    </ClCompile>
    <ClCompile Include="ActionComponent.cpp">
      <Filter>Source Files\Entities\Components\Derived</Filter>
    </ClCompile>
    <ClCompile Include="Object.cpp">
      <Filter>Source Files\Object</Filter>
    </ClCompile>
    <ClCompile Include="ObjectBatchException.cpp">
      <Filter>Source Files\Object</Filter>
    </ClCompile>
    <ClCompile Include="ObjectBatchSource.cpp">
      <Filter>Source Files\Object</Filter>
    </ClCompile>
    <ClCompile Include="ObjectManager.cpp">
      <Filter>Source Files\Object</Filter>
    </ClCompile>
    <ClCompile Include="ObjectSystem.cpp">
      <Filter>Source Files\Object</Filter>
    </ClCompile>
    <ClCompile Include="ObjectTypeDescription.cpp">
      <Filter>Source Files\Object</Filter>
    </ClCompile>
    <ClCompile Include="ObjectTypeDescriptionGroup.cpp">
      <Filter>Source Files\Object</Filter>
    </ClCompile>
    <ClCompile Include="ObjectTypeGraph.cpp">
      <Filter>Source Files\Object</Filter>
    </ClCompile>
    <ClCompile Include="TileSystem.cpp">
      <Filter>Source Files\Tile</Filter>
    </ClCompile>
    <ClCompile Include="PositionalObject.cpp">
      <Filter>Source Files\PositionalObjects</Filter>
    </ClCompile>
    <ClCompile Include="RenderFragmentSystem.cpp">
      <Filter>Source Files\Render</Filter>
    </ClCompile>
    <ClCompile Include="Degrees.cpp">
      <Filter>Source Files\Position</Filter>
    </ClCompile>
    <ClCompile Include="Radians.cpp">
      <Filter>Source Files\Position</Filter>
    </ClCompile>
    <ClCompile Include="AngleConversion.cpp">
      <Filter>Source Files\Position</Filter>
    </ClCompile>
    <ClCompile Include="PositionalSystem.cpp">
      <Filter>Source Files\PositionalObjects</Filter>
    </ClCompile>
    <ClCompile Include="AudioAssetInstance.cpp">
      <Filter>Source Files\Assets\Audio</Filter>
    </ClCompile>
    <ClCompile Include="ScriptGlobalItems.cpp">
      <Filter>Source Files\Assets\Script</Filter>
    </ClCompile>
    <ClCompile Include="ScriptParameters.cpp">
      <Filter>Source Files\Assets\Script</Filter>
    </ClCompile>
    <ClCompile Include="ScriptPersistence.cpp">
      <Filter>Source Files\Assets\Script</Filter>
    </ClCompile>
    <ClCompile Include="QuestPart.cpp">
      <Filter>Source Files\RegistryObjects\Quests</Filter>
    </ClCompile>
    <ClCompile Include="ObjectFactoryBase.cpp">
      <Filter>Source Files\Object</Filter>
    </ClCompile>
    <ClCompile Include="TileFactory.cpp">
      <Filter>Source Files\Tile</Filter>
    </ClCompile>
    <ClCompile Include="ObjectTypeNameSerializer.cpp">
      <Filter>Source Files\Object</Filter>
    </ClCompile>
    <ClCompile Include="ObjectTypeGraphNode.cpp">
      <Filter>Source Files\Object</Filter>
    </ClCompile>
    <ClCompile Include="NullInput.cpp">
      <Filter>Source Files\Input</Filter>
    </ClCompile>
    <ClCompile Include="SoundSystem.cpp">
      <Filter>Source Files\Sound</Filter>
    </ClCompile>
    <ClCompile Include="AudioAsset.cpp">
      <Filter>Source Files\Assets\Audio</Filter>
    </ClCompile>
    <ClCompile Include="RunningScript.cpp">
      <Filter>Source Files\Assets\Script</Filter>
    </ClCompile>
    <ClCompile Include="ScriptController.cpp">
      <Filter>Source Files\Assets\Script</Filter>
    </ClCompile>
    <ClCompile Include="ScriptInstance.cpp">
      <Filter>Source Files\Assets\Script</Filter>
    </ClCompile>
    <ClCompile Include="MusicSystem.cpp">
      <Filter>Source Files\Sound</Filter>
    </ClCompile>
    <ClCompile Include="SpeechController.cpp">
      <Filter>Source Files\Speech</Filter>
    </ClCompile>
    <ClCompile Include="AbilityFactory.cpp">
      <Filter>Source Files\RegistryObjects\Abilities</Filter>
    </ClCompile>
    <ClCompile Include="AbilitySystem.cpp">
      <Filter>Source Files\RegistryObjects\Abilities</Filter>
    </ClCompile>
    <ClCompile Include="CharacterClassFactory.cpp">
      <Filter>Source Files\RegistryObjects\Character Class</Filter>
    </ClCompile>
    <ClCompile Include="CharacterClassSystem.cpp">
      <Filter>Source Files\RegistryObjects\Character Class</Filter>
    </ClCompile>
    <ClCompile Include="ItemFactory.cpp">
      <Filter>Source Files\RegistryObjects\Item</Filter>
    </ClCompile>
    <ClCompile Include="ItemSystem.cpp">
      <Filter>Source Files\RegistryObjects\Item</Filter>
    </ClCompile>
    <ClCompile Include="QuestFactory.cpp">
      <Filter>Source Files\RegistryObjects\Quests</Filter>
    </ClCompile>
    <ClCompile Include="QuestSystem.cpp">
      <Filter>Source Files\RegistryObjects\Quests</Filter>
    </ClCompile>
    <ClCompile Include="SpellFactory.cpp">
      <Filter>Source Files\RegistryObjects\Spell</Filter>
    </ClCompile>
    <ClCompile Include="SpellSystem.cpp">
      <Filter>Source Files\RegistryObjects\Spell</Filter>
    </ClCompile>
    <ClCompile Include="StatusEffectFactory.cpp">
      <Filter>Source Files\RegistryObjects\StatusEffect</Filter>
    </ClCompile>
    <ClCompile Include="StatusEffectSystem.cpp">
      <Filter>Source Files\RegistryObjects\StatusEffect</Filter>
    </ClCompile>
    <ClCompile Include="AngelScriptEvent.cpp">
      <Filter>Source Files\AngelScript</Filter>
    </ClCompile>
    <ClCompile Include="AngelScriptReferenceCounted.cpp">
      <Filter>Source Files\AngelScript</Filter>
    </ClCompile>
    <ClCompile Include="AngelScriptObject.cpp">
      <Filter>Source Files\AngelScript</Filter>
    </ClCompile>
    <ClCompile Include="AngelScriptTile.cpp">
      <Filter>Source Files\AngelScript</Filter>
    </ClCompile>
    <ClCompile Include="AngelScriptGridPosition.cpp">
      <Filter>Source Files\AngelScript</Filter>
    </ClCompile>
    <ClCompile Include="..\..\AngelScript\sdk\add_on\scriptstdstring\scriptstdstring.cpp">
      <Filter>Source Files\AngelScript\Addon</Filter>
    </ClCompile>
    <ClCompile Include="..\..\AngelScript\sdk\add_on\scriptarray\scriptarray.cpp">
      <Filter>Source Files\AngelScript\Addon</Filter>
    </ClCompile>
    <ClCompile Include="AngelScriptAssert.cpp">
      <Filter>Source Files\AngelScript</Filter>
    </ClCompile>
    <ClCompile Include="ScriptAsset.cpp">
      <Filter>Source Files\Assets\Script</Filter>
    </ClCompile>
    <ClCompile Include="ScriptVariant.cpp">
      <Filter>Source Files\Assets\Script</Filter>
    </ClCompile>
    <ClCompile Include="Variant.cpp">
      <Filter>Source Files\GameData</Filter>
    </ClCompile>
    <ClCompile Include="AngelScriptUtility.cpp">
      <Filter>Source Files\AngelScript</Filter>
    </ClCompile>
    <ClCompile Include="Event.cpp">
      <Filter>Source Files\Events</Filter>
    </ClCompile>
    <ClCompile Include="AnyEventConnection.cpp">
      <Filter>Source Files\Events</Filter>
    </ClCompile>
    <ClCompile Include="ScopedEventConnection.cpp">
      <Filter>Source Files\Events</Filter>
    </ClCompile>
    <ClCompile Include="ScopedEventConnectionList.cpp">
      <Filter>Source Files\Events</Filter>
    </ClCompile>
    <ClCompile Include="BoundEventSubscriber.cpp">
      <Filter>Source Files\Events</Filter>
    </ClCompile>
    <ClCompile Include="BoundEventSubscriberList.cpp">
      <Filter>Source Files\Events</Filter>
    </ClCompile>
    <ClCompile Include="CancelMenuState.cpp">
      <Filter>Source Files\State</Filter>
    </ClCompile>
    <ClCompile Include="ControlsState.cpp">
      <Filter>Source Files\State</Filter>
    </ClCompile>
    <ClCompile Include="GameState.cpp">
      <Filter>Source Files\State</Filter>
    </ClCompile>
    <ClCompile Include="MainMenuState.cpp">
      <Filter>Source Files\State</Filter>
    </ClCompile>
    <ClCompile Include="OptionsState.cpp">
      <Filter>Source Files\State</Filter>
    </ClCompile>
    <ClCompile Include="ObjectManagerFactory.cpp">
      <Filter>Source Files\Object</Filter>
    </ClCompile>
    <ClCompile Include="PositionalOffsetAdapter.cpp">
      <Filter>Source Files\PositionalObjects</Filter>
    </ClCompile>
    <ClCompile Include="SimpleFile.cpp">
      <Filter>Source Files\Serialization</Filter>
    </ClCompile>
    <ClCompile Include="Random.cpp">
      <Filter>Source Files\Helper</Filter>
    </ClCompile>
    <ClCompile Include="Percentage.cpp">
      <Filter>Source Files\Math</Filter>
    </ClCompile>
    <ClCompile Include="FixedPoint.cpp">
      <Filter>Source Files\Math</Filter>
    </ClCompile>
    <ClCompile Include="LargeInteger.cpp">
      <Filter>Source Files\Math</Filter>
    </ClCompile>
    <ClCompile Include="NotImplementedException.cpp">
      <Filter>Source Files\Exceptions</Filter>
    </ClCompile>
    <ClCompile Include="InputSignalBase.cpp">
      <Filter>Source Files\Input</Filter>
    </ClCompile>
    <ClCompile Include="InputKey.cpp">
      <Filter>Source Files\Input</Filter>
    </ClCompile>
    <ClCompile Include="InputMouseKey.cpp">
      <Filter>Source Files\Input</Filter>
    </ClCompile>
    <ClCompile Include="LoggingSystem.cpp">
      <Filter>Source Files\Logging</Filter>
    </ClCompile>
    <ClCompile Include="InputTraits.cpp">
      <Filter>Source Files\Input</Filter>
    </ClCompile>
    <ClCompile Include="Engine.cpp">
      <Filter>Source Files\Engine</Filter>
    </ClCompile>
    <ClCompile Include="WindowsEngine.cpp">
      <Filter>Source Files\Engine</Filter>
    </ClCompile>
    <ClCompile Include="EngineExecution.cpp">
      <Filter>Source Files\Engine</Filter>
    </ClCompile>
    <ClCompile Include="CameraSystem.cpp">
      <Filter>Source Files\Render</Filter>
    </ClCompile>
    <ClCompile Include="AssetPackageSystem.cpp">
      <Filter>Source Files\Assets</Filter>
    </ClCompile>
    <ClCompile Include="TimeSystem.cpp">
      <Filter>Source Files\Time</Filter>
    </ClCompile>
    <ClCompile Include="FpsSystem.cpp">
      <Filter>Source Files\Time</Filter>
    </ClCompile>
    <ClCompile Include="StateSystem.cpp">
      <Filter>Source Files\State</Filter>
    </ClCompile>
    <ClCompile Include="RenderingSystem.cpp">
      <Filter>Source Files\Render</Filter>
    </ClCompile>
    <ClCompile Include="InitializationFileSection.cpp">
      <Filter>Source Files\Initialization</Filter>
    </ClCompile>
    <ClCompile Include="InitializationFileEntry.cpp">
      <Filter>Source Files\Initialization</Filter>
    </ClCompile>
    <ClCompile Include="InitializationFileExtractedSection.cpp">
      <Filter>Source Files\Initialization</Filter>
    </ClCompile>
    <ClCompile Include="InitializationFileSystem.cpp">
      <Filter>Source Files\Initialization</Filter>
    </ClCompile>
    <ClCompile Include="GuiSystem.cpp">
      <Filter>Source Files\GUI</Filter>
    </ClCompile>
    <ClCompile Include="MasterSoundSystem.cpp">
      <Filter>Source Files\Sound</Filter>
    </ClCompile>
    <ClCompile Include="FileSystem.cpp">
      <Filter>Source Files\File</Filter>
    </ClCompile>
    <ClCompile Include="State.cpp">
      <Filter>Source Files\State</Filter>
    </ClCompile>
    <ClCompile Include="InputManager.cpp">
      <Filter>Source Files\Input</Filter>
    </ClCompile>
    <ClCompile Include="DebugStatisticsSystem.cpp">
      <Filter>Source Files\Debug</Filter>
    </ClCompile>
    <ClCompile Include="DebugScreen.cpp">
      <Filter>Source Files\Debug</Filter>
    </ClCompile>
    <ClCompile Include="WindowsInputManager.cpp">
      <Filter>Source Files\Input</Filter>
    </ClCompile>
    <ClCompile Include="WindowBase.cpp">
      <Filter>Source Files\Window</Filter>
    </ClCompile>
    <ClCompile Include="WindowSystem.cpp">
      <Filter>Source Files\Window</Filter>
    </ClCompile>
    <ClCompile Include="WindowsWindow.cpp">
      <Filter>Source Files\Window</Filter>
    </ClCompile>
    <ClCompile Include="MaterialAsset.cpp">
      <Filter>Source Files\Assets\Material</Filter>
    </ClCompile>
    <ClCompile Include="InputSystem.cpp">
      <Filter>Source Files\Input</Filter>
    </ClCompile>
    <ClCompile Include="AudioManager.cpp">
      <Filter>Source Files\Sound</Filter>
    </ClCompile>
    <ClCompile Include="GraphicsManager.cpp">
      <Filter>Source Files\Render</Filter>
    </ClCompile>
    <ClCompile Include="GraphicsSystem.cpp">
      <Filter>Source Files\Render</Filter>
    </ClCompile>
    <ClCompile Include="FileManager.cpp">
      <Filter>Source Files\File</Filter>
    </ClCompile>
    <ClCompile Include="WindowsFileManager.cpp">
      <Filter>Source Files\File</Filter>
    </ClCompile>
    <ClCompile Include="AudioAssetSystem.cpp">
      <Filter>Source Files\Assets\Audio</Filter>
    </ClCompile>
    <ClCompile Include="AudioAssetFactory.cpp">
      <Filter>Source Files\Assets\Audio</Filter>
    </ClCompile>
    <ClCompile Include="ImageAssetSystem.cpp">
      <Filter>Source Files\Assets\Image</Filter>
    </ClCompile>
    <ClCompile Include="ImageAssetFactory.cpp">
      <Filter>Source Files\Assets\Image</Filter>
    </ClCompile>
    <ClCompile Include="MaterialAssetSystem.cpp">
      <Filter>Source Files\Assets\Material</Filter>
    </ClCompile>
    <ClCompile Include="MaterialAssetFactory.cpp">
      <Filter>Source Files\Assets\Material</Filter>
    </ClCompile>
    <ClCompile Include="ScriptAssetSystem.cpp">
      <Filter>Source Files\Assets\Script</Filter>
    </ClCompile>
    <ClCompile Include="ScriptAssetFactory.cpp">
      <Filter>Source Files\Assets\Script</Filter>
    </ClCompile>
    <ClCompile Include="ShaderAssetSystem.cpp">
      <Filter>Source Files\Assets\Shader</Filter>
    </ClCompile>
    <ClCompile Include="ShaderAssetFactory.cpp">
      <Filter>Source Files\Assets\Shader</Filter>
    </ClCompile>
    <ClCompile Include="AudioSystem.cpp">
      <Filter>Source Files\Sound</Filter>
    </ClCompile>
    <ClCompile Include="AngelScriptSystem.cpp">
      <Filter>Source Files\AngelScript</Filter>
    </ClCompile>
    <ClCompile Include="AngelScriptUserData.cpp">
      <Filter>Source Files\AngelScript</Filter>
    </ClCompile>
    <ClCompile Include="AngelScriptRegistrationInterface.cpp">
      <Filter>Source Files\AngelScript</Filter>
    </ClCompile>
    <ClCompile Include="Pathfinder.cpp">
      <Filter>Source Files\Position</Filter>
    </ClCompile>
    <ClCompile Include="GameDialogSystem.cpp">
      <Filter>Source Files\GUI</Filter>
    </ClCompile>
    <ClCompile Include="ModulatorInterpolation.cpp">
      <Filter>Source Files\Modulators\Interpolation</Filter>
    </ClCompile>
    <ClCompile Include="ModulatorInterpolationLinear.cpp">
      <Filter>Source Files\Modulators\Interpolation</Filter>
    </ClCompile>
    <ClCompile Include="ModulatorInterpolationOscillation.cpp">
      <Filter>Source Files\Modulators\Interpolation</Filter>
    </ClCompile>
    <ClCompile Include="ModulatorInterpolationSmoothstep.cpp">
      <Filter>Source Files\Modulators\Interpolation</Filter>
    </ClCompile>
    <ClCompile Include="EntitySystem.cpp">
      <Filter>Source Files\Entities</Filter>
    </ClCompile>
    <ClCompile Include="Entity.cpp">
      <Filter>Source Files\Entities</Filter>
    </ClCompile>
    <ClCompile Include="EntityPositionSystem.cpp">
      <Filter>Source Files\Entities\Systems</Filter>
    </ClCompile>
    <ClCompile Include="EntityComponent.cpp">
      <Filter>Source Files\Entities\Components</Filter>
    </ClCompile>
    <ClCompile Include="WorldManager.cpp">
      <Filter>Source Files\World</Filter>
    </ClCompile>
    <ClCompile Include="ObjectManagerException.cpp">
      <Filter>Source Files\Object</Filter>
    </ClCompile>
    <ClCompile Include="InputWorldScribe.cpp">
      <Filter>Source Files\World\World Scribe</Filter>
    </ClCompile>
    <ClCompile Include="OutputWorldScribe.cpp">
      <Filter>Source Files\World\World Scribe</Filter>
    </ClCompile>
    <ClCompile Include="InputStasisScribe.cpp">
      <Filter>Source Files\World\Stasis Scribe</Filter>
    </ClCompile>
    <ClCompile Include="OutputStasisScribe.cpp">
      <Filter>Source Files\World\Stasis Scribe</Filter>
    </ClCompile>
    <ClCompile Include="ScribeBase.cpp">
      <Filter>Source Files\Serialization\ScribeBase</Filter>
    </ClCompile>
    <ClCompile Include="OutputScribeBase.cpp">
      <Filter>Source Files\Serialization\ScribeBase</Filter>
    </ClCompile>
    <ClCompile Include="InputScribeBase.cpp">
      <Filter>Source Files\Serialization\ScribeBase</Filter>
    </ClCompile>
    <ClCompile Include="EntityAvatarSystem.cpp">
      <Filter>Source Files\Entities\Systems</Filter>
    </ClCompile>
    <ClCompile Include="EntityActionSystem.cpp">
      <Filter>Source Files\Entities\Systems</Filter>
    </ClCompile>
    <ClCompile Include="WorldSystem.cpp">
      <Filter>Source Files\World</Filter>
    </ClCompile>
    <ClCompile Include="ObjectRegistration.cpp">
      <Filter>Source Files\Object</Filter>
    </ClCompile>
    <ClCompile Include="ObjectException.cpp">
      <Filter>Source Files\Object</Filter>
    </ClCompile>
    <ClCompile Include="ScreenPosition.cpp">
      <Filter>Source Files\Position</Filter>
    </ClCompile>
    <ClCompile Include="ScreenDimensions.cpp">
      <Filter>Source Files\Position</Filter>
    </ClCompile>
    <ClCompile Include="EngineSystem.cpp">
      <Filter>Source Files\Engine</Filter>
    </ClCompile>
    <ClCompile Include="FrameStopwatch.cpp">
      <Filter>Source Files\Time\Stopwatches</Filter>
    </ClCompile>
    <ClCompile Include="RealStopwatch.cpp">
      <Filter>Source Files\Time\Stopwatches</Filter>
    </ClCompile>
    <ClCompile Include="StopwatchBase.cpp">
      <Filter>Source Files\Time\Stopwatches</Filter>
    </ClCompile>
  </ItemGroup>
</Project>