<?xml version="1.0" encoding="utf-8"?>
<Project ToolsVersion="4.0" xmlns="http://schemas.microsoft.com/developer/msbuild/2003">
  <ItemGroup>
    <ClCompile Include="Main.cpp">
      <Filter>Source Files</Filter>
    </ClCompile>
    <ClCompile Include="GeneralFixture.cpp">
      <Filter>Source Files\Fixtures</Filter>
    </ClCompile>
    <ClCompile Include="DerivedEngine.cpp">
      <Filter>Source Files\Objects</Filter>
    </ClCompile>
    <ClCompile Include="MockWindow.cpp">
      <Filter>Source Files\Objects</Filter>
    </ClCompile>
    <ClCompile Include="MockGraphicsManager.cpp">
      <Filter>Source Files\Objects</Filter>
    </ClCompile>
    <ClCompile Include="MockImageAssetResource.cpp">
      <Filter>Source Files\Objects</Filter>
    </ClCompile>
    <ClCompile Include="MockSurfaceResource.cpp">
      <Filter>Source Files\Objects</Filter>
    </ClCompile>
    <ClCompile Include="MockScriptManager.cpp">
      <Filter>Source Files\Objects</Filter>
    </ClCompile>
    <ClCompile Include="GridRegionRenderingTests.cpp">
      <Filter>Source Files\Tests\Render</Filter>
    </ClCompile>
    <ClCompile Include="ImageRenderingTests.cpp">
      <Filter>Source Files\Tests\Render</Filter>
    </ClCompile>
    <ClCompile Include="LineRenderingTests.cpp">
      <Filter>Source Files\Tests\Render</Filter>
    </ClCompile>
    <ClCompile Include="RenderAlgorithmTests.cpp">
      <Filter>Source Files\Tests\Render</Filter>
    </ClCompile>
    <ClCompile Include="BoundsTests.cpp">
      <Filter>Source Files\Tests\Spatial</Filter>
    </ClCompile>
    <ClCompile Include="OctreeTests.cpp">
      <Filter>Source Files\Tests\Spatial</Filter>
    </ClCompile>
    <ClCompile Include="EntityTests.cpp">
      <Filter>Source Files\Tests\Entity</Filter>
    </ClCompile>
    <ClCompile Include="AssetTests.cpp">
      <Filter>Source Files\Tests\Asset</Filter>
    </ClCompile>
    <ClCompile Include="StopwatchTests.cpp">
      <Filter>Source Files\Tests\Time</Filter>
    </ClCompile>
    <ClCompile Include="WorldSerializationTests.cpp">
      <Filter>Source Files\Tests\World</Filter>
    </ClCompile>
    <ClCompile Include="FrameTests.cpp">
      <Filter>Source Files\Tests\Frame</Filter>
    </ClCompile>
    <ClCompile Include="MockInputManager.cpp">
      <Filter>Source Files\Objects</Filter>
    </ClCompile>
    <ClCompile Include="ImageTests.cpp">
      <Filter>Source Files\Tests\Render</Filter>
    </ClCompile>
    <ClCompile Include="LineTests.cpp">
      <Filter>Source Files\Tests\Render</Filter>
    </ClCompile>
    <ClCompile Include="GridRegionTests.cpp">
      <Filter>Source Files\Tests\Render</Filter>
    </ClCompile>
    <ClCompile Include="MockAssetResourceManager.cpp">
      <Filter>Source Files\Objects</Filter>
    </ClCompile>
    <ClCompile Include="MockSoundResource.cpp">
      <Filter>Source Files\Objects</Filter>
    </ClCompile>
    <ClCompile Include="MockAudioManager.cpp">
      <Filter>Source Files\Objects</Filter>
    </ClCompile>
    <ClCompile Include="MockWorldManager.cpp">
      <Filter>Source Files\Objects</Filter>
    </ClCompile>
    <ClCompile Include="ScriptTests.cpp">
      <Filter>Source Files\Tests\Scripting</Filter>
    </ClCompile>
    <ClCompile Include="PathfinderTests.cpp">
      <Filter>Source Files\Tests\Entity</Filter>
    </ClCompile>
    <ClCompile Include="SpatialAlgorithmsTests.cpp">
      <Filter>Source Files\Tests\Spatial</Filter>
    </ClCompile>
    <ClCompile Include="MockTextManager.cpp">
      <Filter>Source Files\Objects</Filter>
    </ClCompile>
    <ClCompile Include="UIImageRenderingTests.cpp">
      <Filter>Source Files\Tests\UI</Filter>
    </ClCompile>
    <ClCompile Include="UIImageTests.cpp">
      <Filter>Source Files\Tests\UI</Filter>
    </ClCompile>
    <ClCompile Include="FileLoggingSinkTests.cpp">
      <Filter>Source Files\Tests\Logging</Filter>
    </ClCompile>
    <ClCompile Include="MockFontAssetResource.cpp">
      <Filter>Source Files\Objects</Filter>
    </ClCompile>
    <ClCompile Include="JavaScriptEngine.cpp">
      <Filter>Source Files\Objects</Filter>
    </ClCompile>
    <ClCompile Include="JavaScriptFixture.cpp">
      <Filter>Source Files\Fixtures</Filter>
    </ClCompile>
    <ClCompile Include="JavaScriptTests.cpp">
      <Filter>Source Files\Tests\Scripting\JavaScript</Filter>
    </ClCompile>
    <ClCompile Include="JavaScriptParameterTests.cpp">
      <Filter>Source Files\Tests\Scripting\JavaScript</Filter>
    </ClCompile>
    <ClCompile Include="JavaScriptLoggingTests.cpp">
      <Filter>Source Files\Tests\Scripting\JavaScript\Atmos\Logging</Filter>
    </ClCompile>
    <ClCompile Include="JavaScriptInputTests.cpp">
      <Filter>Source Files\Tests\Scripting\JavaScript\Atmos\Input</Filter>
    </ClCompile>
    <ClCompile Include="JavaScriptLocalRelicTests.cpp">
      <Filter>Source Files\Tests\Scripting\JavaScript</Filter>
    </ClCompile>
    <ClCompile Include="JavaScriptShardTests.cpp">
      <Filter>Source Files\Tests\Scripting\JavaScript</Filter>
    </ClCompile>
    <ClCompile Include="JavaScriptSpatialTests.cpp">
      <Filter>Source Files\Tests\Scripting\JavaScript\Atmos\Spatial</Filter>
    </ClCompile>
    <ClCompile Include="JavaScriptAudioTests.cpp">
      <Filter>Source Files\Tests\Scripting\JavaScript\Atmos\Audio</Filter>
    </ClCompile>
    <ClCompile Include="JavaScriptEntityTests.cpp">
      <Filter>Source Files\Tests\Scripting\JavaScript\Atmos\Entity</Filter>
    </ClCompile>
    <ClCompile Include="JavaScriptWorldTests.cpp">
      <Filter>Source Files\Tests\Scripting\JavaScript\Atmos\World</Filter>
    </ClCompile>
    <ClCompile Include="JavaScriptTimeTests.cpp">
      <Filter>Source Files\Tests\Scripting\JavaScript\Atmos\Time</Filter>
    </ClCompile>
    <ClCompile Include="JavaScriptGlobalRelicTests.cpp">
      <Filter>Source Files\Tests\Scripting\JavaScript</Filter>
    </ClCompile>
    <ClCompile Include="JavaScriptRenderTests.cpp">
      <Filter>Source Files\Tests\Scripting\JavaScript\Atmos\Render</Filter>
    </ClCompile>
    <ClCompile Include="JavaScriptAssetTests.cpp">
      <Filter>Source Files\Tests\Scripting\JavaScript\Atmos\Asset</Filter>
    </ClCompile>
  </ItemGroup>
  <ItemGroup>
    <ClInclude Include="GeneralFixture.h">
      <Filter>Header Files\Fixtures</Filter>
    </ClInclude>
    <ClInclude Include="DerivedEngine.h">
      <Filter>Header Files\Objects</Filter>
    </ClInclude>
    <ClInclude Include="MockWindow.h">
      <Filter>Header Files\Objects</Filter>
    </ClInclude>
    <ClInclude Include="MockGraphicsManager.h">
      <Filter>Header Files\Objects</Filter>
    </ClInclude>
    <ClInclude Include="MockSurfaceResource.h">
      <Filter>Header Files\Objects</Filter>
    </ClInclude>
    <ClInclude Include="MockImageAssetResource.h">
      <Filter>Header Files\Objects</Filter>
    </ClInclude>
    <ClInclude Include="SignalListener.h">
      <Filter>Header Files\Automation</Filter>
    </ClInclude>
    <ClInclude Include="PixelBuffer.h">
      <Filter>Header Files\Data</Filter>
    </ClInclude>
    <ClInclude Include="MockScriptManager.h">
      <Filter>Header Files\Objects</Filter>
    </ClInclude>
    <ClInclude Include="AudioBuffer.h">
      <Filter>Header Files\Data</Filter>
    </ClInclude>
    <ClInclude Include="LineRenderingTests.h">
      <Filter>Header Files\Tests\Render</Filter>
    </ClInclude>
    <ClInclude Include="GridRegionRenderingTests.h">
      <Filter>Header Files\Tests\Render</Filter>
    </ClInclude>
    <ClInclude Include="ImageRenderingTests.h">
      <Filter>Header Files\Tests\Render</Filter>
    </ClInclude>
    <ClInclude Include="RenderAlgorithmTests.h">
      <Filter>Header Files\Tests\Render</Filter>
    </ClInclude>
    <ClInclude Include="OctreeTests.h">
      <Filter>Header Files\Tests\Spatial</Filter>
    </ClInclude>
    <ClInclude Include="BoundsTests.h">
      <Filter>Header Files\Tests\Spatial</Filter>
    </ClInclude>
    <ClInclude Include="AssetTests.h">
      <Filter>Header Files\Tests\Asset</Filter>
    </ClInclude>
    <ClInclude Include="EntityTests.h">
      <Filter>Header Files\Tests\Entity</Filter>
    </ClInclude>
    <ClInclude Include="WorldSerializationTests.h">
      <Filter>Header Files\Tests\World</Filter>
    </ClInclude>
    <ClInclude Include="StopwatchTests.h">
      <Filter>Header Files\Tests\Time</Filter>
    </ClInclude>
    <ClInclude Include="FrameTests.h">
      <Filter>Header Files\Tests\Frame</Filter>
    </ClInclude>
    <ClInclude Include="MockInputManager.h">
      <Filter>Header Files\Objects</Filter>
    </ClInclude>
    <ClInclude Include="ImageTests.h">
      <Filter>Header Files\Tests\Render</Filter>
    </ClInclude>
    <ClInclude Include="LineTests.h">
      <Filter>Header Files\Tests\Render</Filter>
    </ClInclude>
    <ClInclude Include="GridRegionTests.h">
      <Filter>Header Files\Tests\Render</Filter>
    </ClInclude>
    <ClInclude Include="MockAssetResourceManager.h">
      <Filter>Header Files\Objects</Filter>
    </ClInclude>
    <ClInclude Include="MockSoundResource.h">
      <Filter>Header Files\Objects</Filter>
    </ClInclude>
    <ClInclude Include="MockAudioManager.h">
      <Filter>Header Files\Objects</Filter>
    </ClInclude>
    <ClInclude Include="MockWorldManager.h">
      <Filter>Header Files\Objects</Filter>
    </ClInclude>
    <ClInclude Include="ScriptTests.h">
      <Filter>Header Files\Tests\Scripting</Filter>
    </ClInclude>
    <ClInclude Include="PathfinderTests.h">
      <Filter>Header Files\Tests\Entity</Filter>
    </ClInclude>
    <ClInclude Include="SpatialAlgorithmsTests.h">
      <Filter>Header Files\Tests\Spatial</Filter>
    </ClInclude>
    <ClInclude Include="MockTextManager.h">
      <Filter>Header Files\Objects</Filter>
    </ClInclude>
    <ClInclude Include="UIImageRenderingTests.h">
      <Filter>Header Files\Tests\UI</Filter>
    </ClInclude>
    <ClInclude Include="UIImageTests.h">
      <Filter>Header Files\Tests\UI</Filter>
    </ClInclude>
    <ClInclude Include="FileLoggingSinkTests.h">
      <Filter>Header Files\Tests\Logging</Filter>
    </ClInclude>
    <ClInclude Include="MockFontAssetResource.h">
      <Filter>Header Files\Objects</Filter>
    </ClInclude>
    <ClInclude Include="JavaScriptEngine.h">
      <Filter>Header Files\Objects</Filter>
    </ClInclude>
    <ClInclude Include="JavaScriptFixture.h">
      <Filter>Header Files\Fixtures</Filter>
    </ClInclude>
    <ClInclude Include="JavaScriptTests.h">
      <Filter>Header Files\Tests\Scripting\JavaScript</Filter>
    </ClInclude>
    <ClInclude Include="JavaScriptParameterTests.h">
      <Filter>Header Files\Tests\Scripting\JavaScript</Filter>
    </ClInclude>
    <ClInclude Include="JavaScriptLoggingTests.h">
      <Filter>Header Files\Tests\Scripting\JavaScript\Atmos\Logging</Filter>
    </ClInclude>
    <ClInclude Include="JavaScriptInputTests.h">
      <Filter>Header Files\Tests\Scripting\JavaScript\Atmos\Input</Filter>
    </ClInclude>
    <ClInclude Include="JavaScriptLocalRelicTests.h">
      <Filter>Header Files\Tests\Scripting\JavaScript</Filter>
    </ClInclude>
    <ClInclude Include="JavaScriptShardTests.h">
      <Filter>Header Files\Tests\Scripting\JavaScript</Filter>
    </ClInclude>
    <ClInclude Include="JavaScriptSpatialTests.h">
      <Filter>Header Files\Tests\Scripting\JavaScript\Atmos\Spatial</Filter>
    </ClInclude>
    <ClInclude Include="JavaScriptAudioTests.h">
      <Filter>Header Files\Tests\Scripting\JavaScript\Atmos\Audio</Filter>
    </ClInclude>
    <ClInclude Include="JavaScriptEntityTests.h">
      <Filter>Header Files\Tests\Scripting\JavaScript\Atmos\Entity</Filter>
    </ClInclude>
    <ClInclude Include="JavaScriptWorldTests.h">
      <Filter>Header Files\Tests\Scripting\JavaScript\Atmos\World</Filter>
    </ClInclude>
    <ClInclude Include="JavaScriptTimeTests.h">
      <Filter>Header Files\Tests\Scripting\JavaScript\Atmos\Time</Filter>
    </ClInclude>
    <ClInclude Include="JavaScriptGlobalRelicTests.h">
      <Filter>Header Files\Tests\Scripting\JavaScript</Filter>
    </ClInclude>
    <ClInclude Include="JavaScriptRenderTests.h">
      <Filter>Header Files\Tests\Scripting\JavaScript\Atmos\Render</Filter>
    </ClInclude>
    <ClInclude Include="JavaScriptAssetTests.h">
      <Filter>Header Files\Tests\Scripting\JavaScript\Atmos\Asset</Filter>
    </ClInclude>
  </ItemGroup>
  <ItemGroup>
    <Filter Include="Header Files">
      <UniqueIdentifier>{bd2b7fde-3236-44d9-8e85-818812b56afb}</UniqueIdentifier>
    </Filter>
    <Filter Include="Source Files">
      <UniqueIdentifier>{6784bc0e-0c16-42e8-a7aa-f8a9cd25e073}</UniqueIdentifier>
    </Filter>
    <Filter Include="Source Files\Tests">
      <UniqueIdentifier>{8dc81584-4c66-4187-b3ef-21d3b2d61a9c}</UniqueIdentifier>
    </Filter>
    <Filter Include="Source Files\Fixtures">
      <UniqueIdentifier>{d849f80f-0dcc-40d9-add9-cce24c59cb09}</UniqueIdentifier>
    </Filter>
    <Filter Include="Header Files\Fixtures">
      <UniqueIdentifier>{7f57db86-4bbc-4482-967c-c1c85673d952}</UniqueIdentifier>
    </Filter>
    <Filter Include="Header Files\Tests">
      <UniqueIdentifier>{b8048384-a43b-4229-ae64-e182198f93c2}</UniqueIdentifier>
    </Filter>
    <Filter Include="Header Files\Objects">
      <UniqueIdentifier>{236db83b-8cfe-4df0-92dd-17cf48f4c8e9}</UniqueIdentifier>
    </Filter>
    <Filter Include="Source Files\Objects">
      <UniqueIdentifier>{b2d96336-c16b-4e67-8ad3-e73f1a052079}</UniqueIdentifier>
    </Filter>
    <Filter Include="Header Files\Automation">
      <UniqueIdentifier>{8f6d63e6-6311-40de-9ef7-1354d0dd6019}</UniqueIdentifier>
    </Filter>
    <Filter Include="Header Files\Data">
      <UniqueIdentifier>{9897ad37-492a-4cf6-ad8f-fc18890b1c05}</UniqueIdentifier>
    </Filter>
    <Filter Include="Source Files\Tests\Render">
      <UniqueIdentifier>{b1ccc2a4-ab57-48e0-87b3-a132af8da1b7}</UniqueIdentifier>
    </Filter>
    <Filter Include="Header Files\Tests\Render">
      <UniqueIdentifier>{a0904bfd-96c5-4aea-afe2-1a872d8873c8}</UniqueIdentifier>
    </Filter>
    <Filter Include="Header Files\Tests\Spatial">
      <UniqueIdentifier>{cf925efa-d2c1-4389-9a00-2aafd3cee393}</UniqueIdentifier>
    </Filter>
    <Filter Include="Source Files\Tests\Spatial">
      <UniqueIdentifier>{5482df11-d92f-4969-8604-9fd8cb97f7f6}</UniqueIdentifier>
    </Filter>
    <Filter Include="Source Files\Tests\Entity">
      <UniqueIdentifier>{e6670034-edc4-43cc-93fd-c68c1bee1140}</UniqueIdentifier>
    </Filter>
    <Filter Include="Source Files\Tests\Asset">
      <UniqueIdentifier>{1a982fa4-9840-48ef-9b0d-8a5e7a8169a2}</UniqueIdentifier>
    </Filter>
    <Filter Include="Source Files\Tests\Time">
      <UniqueIdentifier>{58f0886d-18e4-41d7-8ee1-69d6e72aa56f}</UniqueIdentifier>
    </Filter>
    <Filter Include="Source Files\Tests\World">
      <UniqueIdentifier>{1938c53c-3fd8-4c74-8fe7-e391378a389a}</UniqueIdentifier>
    </Filter>
    <Filter Include="Header Files\Tests\Asset">
      <UniqueIdentifier>{49b785d6-9846-487c-9ff0-6714e86ba163}</UniqueIdentifier>
    </Filter>
    <Filter Include="Header Files\Tests\Entity">
      <UniqueIdentifier>{54efc1d0-2f1b-44c2-b759-e5fb96955299}</UniqueIdentifier>
    </Filter>
    <Filter Include="Header Files\Tests\World">
      <UniqueIdentifier>{e25c251f-904a-4189-b2c3-e95d099f311d}</UniqueIdentifier>
    </Filter>
    <Filter Include="Header Files\Tests\Time">
      <UniqueIdentifier>{b289ba1e-a078-4224-a2ef-97544eeff1cc}</UniqueIdentifier>
    </Filter>
    <Filter Include="Source Files\Tests\Frame">
      <UniqueIdentifier>{5f06cb2f-4ee4-405f-9ff5-1aa17c93a255}</UniqueIdentifier>
    </Filter>
    <Filter Include="Header Files\Tests\Frame">
      <UniqueIdentifier>{d6309df0-cfa2-42c5-b00a-98c9761eea07}</UniqueIdentifier>
    </Filter>
    <Filter Include="Source Files\Tests\Scripting">
      <UniqueIdentifier>{70cb65fc-cf81-42f3-84cc-1b8fd8329ff7}</UniqueIdentifier>
    </Filter>
    <Filter Include="Header Files\Tests\Scripting">
      <UniqueIdentifier>{e7437e40-f1c7-4b94-8562-ebf525069ec6}</UniqueIdentifier>
    </Filter>
    <Filter Include="Source Files\Tests\UI">
      <UniqueIdentifier>{40cff34d-d1e6-4e3d-9962-94be9a9af4f2}</UniqueIdentifier>
    </Filter>
    <Filter Include="Header Files\Tests\UI">
      <UniqueIdentifier>{62ac569d-0293-4822-866e-c8b317fc1096}</UniqueIdentifier>
    </Filter>
    <Filter Include="Source Files\Tests\Logging">
      <UniqueIdentifier>{886c2f9a-5c38-46e2-8513-630a01e9dbc6}</UniqueIdentifier>
    </Filter>
    <Filter Include="Header Files\Tests\Logging">
      <UniqueIdentifier>{d59a92ff-2ff4-494d-8e01-b272c00a32be}</UniqueIdentifier>
    </Filter>
    <Filter Include="Header Files\Tests\Scripting\JavaScript">
      <UniqueIdentifier>{7b91817a-4366-4378-ba0e-d685953abc9a}</UniqueIdentifier>
    </Filter>
    <Filter Include="Source Files\Tests\Scripting\JavaScript">
      <UniqueIdentifier>{4394e426-7393-4501-b0f8-5c4e321631e5}</UniqueIdentifier>
    </Filter>
    <Filter Include="Source Files\Tests\Scripting\JavaScript\Atmos">
      <UniqueIdentifier>{a0e74553-8e8f-4de3-87b9-3116a0384493}</UniqueIdentifier>
    </Filter>
    <Filter Include="Header Files\Tests\Scripting\JavaScript\Atmos">
      <UniqueIdentifier>{7e0ce15b-3c8e-4c05-a711-72da76d47592}</UniqueIdentifier>
    </Filter>
    <Filter Include="Source Files\Tests\Scripting\JavaScript\Atmos\Logging">
      <UniqueIdentifier>{29e4ad56-8669-4c2c-8cd9-2e06c046ccd4}</UniqueIdentifier>
    </Filter>
    <Filter Include="Header Files\Tests\Scripting\JavaScript\Atmos\Logging">
      <UniqueIdentifier>{723c5377-e219-4929-81ff-b33dcedcca7b}</UniqueIdentifier>
    </Filter>
    <Filter Include="Source Files\Tests\Scripting\JavaScript\Atmos\Input">
      <UniqueIdentifier>{b3f61f24-7337-4d42-9940-4c76bf14627c}</UniqueIdentifier>
    </Filter>
    <Filter Include="Header Files\Tests\Scripting\JavaScript\Atmos\Input">
      <UniqueIdentifier>{adb22b12-267c-412d-88ce-1d0e9f747cb3}</UniqueIdentifier>
    </Filter>
    <Filter Include="Header Files\Tests\Scripting\JavaScript\Atmos\Spatial">
      <UniqueIdentifier>{4da50f5c-b9a4-4a72-91a3-84feffee3b25}</UniqueIdentifier>
    </Filter>
    <Filter Include="Source Files\Tests\Scripting\JavaScript\Atmos\Spatial">
      <UniqueIdentifier>{394144b8-fa90-4b36-8bdf-6f87de51ebd2}</UniqueIdentifier>
    </Filter>
    <Filter Include="Source Files\Tests\Scripting\JavaScript\Atmos\Audio">
      <UniqueIdentifier>{7f544e27-3628-45d3-ba61-cdcb78db4db9}</UniqueIdentifier>
    </Filter>
    <Filter Include="Header Files\Tests\Scripting\JavaScript\Atmos\Audio">
      <UniqueIdentifier>{2e8fdc59-86f4-49a1-a9cd-255d8a3a7188}</UniqueIdentifier>
    </Filter>
    <Filter Include="Header Files\Tests\Scripting\JavaScript\Atmos\Entity">
      <UniqueIdentifier>{93f97828-74b8-4a8b-b633-fe684412b5da}</UniqueIdentifier>
    </Filter>
    <Filter Include="Source Files\Tests\Scripting\JavaScript\Atmos\Entity">
      <UniqueIdentifier>{94646b62-e281-44f6-a567-98f816fd1f01}</UniqueIdentifier>
    </Filter>
    <Filter Include="Header Files\Tests\Scripting\JavaScript\Atmos\World">
      <UniqueIdentifier>{59fa3d2c-0a64-474f-8dce-bc3fa1821cd2}</UniqueIdentifier>
    </Filter>
    <Filter Include="Source Files\Tests\Scripting\JavaScript\Atmos\World">
      <UniqueIdentifier>{b25f8d0e-587d-4af8-9af5-f62b5dd9572f}</UniqueIdentifier>
    </Filter>
    <Filter Include="Header Files\Tests\Scripting\JavaScript\Atmos\Time">
      <UniqueIdentifier>{12b68274-0f55-4532-86e9-372b1dc56e23}</UniqueIdentifier>
    </Filter>
    <Filter Include="Header Files\Tests\Scripting\JavaScript\Atmos\Render">
      <UniqueIdentifier>{8d5e07b7-1a8a-494c-b86a-15f186d25b0a}</UniqueIdentifier>
    </Filter>
    <Filter Include="Source Files\Tests\Scripting\JavaScript\Atmos\Time">
      <UniqueIdentifier>{1783a8f3-bd54-41d7-a7cb-bce0905ffb8d}</UniqueIdentifier>
    </Filter>
    <Filter Include="Source Files\Tests\Scripting\JavaScript\Atmos\Render">
      <UniqueIdentifier>{3b577ec5-89f8-4803-92ce-e9b6840cd6a0}</UniqueIdentifier>
    </Filter>
    <Filter Include="Source Files\Tests\Scripting\JavaScript\Atmos\Asset">
      <UniqueIdentifier>{aab697bf-62c0-4255-b2ba-07604fee857c}</UniqueIdentifier>
    </Filter>
    <Filter Include="Header Files\Tests\Scripting\JavaScript\Atmos\Asset">
      <UniqueIdentifier>{f80377b5-39ea-4cab-bde9-2727cc60a274}</UniqueIdentifier>
    </Filter>
  </ItemGroup>
</Project>